PODS:
  - Masonry (1.1.0)
  - SQLiteRepairKit (1.2.2):
    - WCDBOptimizedSQLCipher (~> 1.2.0)
  - WCDB (1.0.7.5):
    - SQLiteRepairKit (~> 1.2.0)
    - WCDBOptimizedSQLCipher (~> 1.2.0)
  - WCDB.swift (1.0.7.5):
    - SQLiteRepairKit (~> 1.2.0)
    - WCDBOptimizedSQLCipher (~> 1.2.0)
  - WCDBOptimizedSQLCipher (1.2.1)

DEPENDENCIES:
  - Masonry (~> 1.1.0)
  - WCDB (~> 1.0.7.5)
  - WCDB.swift (~> 1.0.7.5)

SPEC REPOS:
  https://mirrors.tuna.tsinghua.edu.cn/git/CocoaPods/Specs.git:
    - Masonry
    - SQLiteRepairKit
    - WCDB
    - WCDB.swift
    - WCDBOptimizedSQLCipher

SPEC CHECKSUMS:
  Masonry: 678fab65091a9290e40e2832a55e7ab731aad201
  SQLiteRepairKit: 35aaae5a8838adb85f5b1eb4d796055be6060a4b
  WCDB: 8e90babdeb7784c569353a4bd22a66c0a175a882
  WCDB.swift: 87aee41f5ca3aded9c6f9b68b0ef3e88918a5ee2
  WCDBOptimizedSQLCipher: baf44493b0c7a3d49e97bc5b64a3856f6428ddd1

PODFILE CHECKSUM: 26d970eee47042d85a2a6091ba8ca45f0321eb73

COCOAPODS: 1.7.5
