// !$*UTF8*$!
{
	archiveVersion = 1;
	classes = {
	};
	objectVersion = 51;
	objects = {

/* Begin PBXBuildFile section */
		21254FA423E08A9200C8FE03 /* xyj_shield_bg.png in Resources */ = {isa = PBXBuildFile; fileRef = 21254FA323E08A9200C8FE03 /* xyj_shield_bg.png */; };
		2126558821C7EFB300A74BAF /* NSString+Util.m in Sources */ = {isa = PBXBuildFile; fileRef = 2126558721C7EFB300A74BAF /* NSString+Util.m */; };
		212C25EB2AF8D3CB006CC928 /* Card.swift in Sources */ = {isa = PBXBuildFile; fileRef = 212C25EA2AF8D3CB006CC928 /* Card.swift */; };
		212C260F2AFA1A93006CC928 /* Account.swift in Sources */ = {isa = PBXBuildFile; fileRef = 212C260E2AFA1A93006CC928 /* Account.swift */; };
		212C26112AFA1D35006CC928 /* CardDataBase.swift in Sources */ = {isa = PBXBuildFile; fileRef = 212C26102AFA1D35006CC928 /* CardDataBase.swift */; };
		2158B3B021B6BD8C00399A97 /* XYJPasswordViewController.m in Sources */ = {isa = PBXBuildFile; fileRef = 2158B3AF21B6BD8C00399A97 /* XYJPasswordViewController.m */; };
		2178A69725F3944A00E31E29 /* XYJToast.m in Sources */ = {isa = PBXBuildFile; fileRef = 2178A69525F3944A00E31E29 /* XYJToast.m */; };
		2178CDA923E6AD410039160C /* XYJAccountListViewController.m in Sources */ = {isa = PBXBuildFile; fileRef = 2178CDA823E6AD410039160C /* XYJAccountListViewController.m */; };
		2178CDAC23E6AEAF0039160C /* XYJSettingViewController.m in Sources */ = {isa = PBXBuildFile; fileRef = 2178CDAB23E6AEAF0039160C /* XYJSettingViewController.m */; };
		218405B023E530DC000BB9E2 /* XYJColorUtils.m in Sources */ = {isa = PBXBuildFile; fileRef = 218405AF23E530DC000BB9E2 /* XYJColorUtils.m */; };
		218405B523E57230000BB9E2 /* XYJHomeViewController.m in Sources */ = {isa = PBXBuildFile; fileRef = 218405AC23E46A2C000BB9E2 /* XYJHomeViewController.m */; };
		218405B823E581EA000BB9E2 /* XYJHomeTabBar.m in Sources */ = {isa = PBXBuildFile; fileRef = 218405B723E581EA000BB9E2 /* XYJHomeTabBar.m */; };
		218405BE23E5BCB1000BB9E2 /* XYJCardListViewController.m in Sources */ = {isa = PBXBuildFile; fileRef = 218405BD23E5BCB1000BB9E2 /* XYJCardListViewController.m */; };
		21A137632AFA76AA004D16B7 /* XYJHomeListCell.m in Sources */ = {isa = PBXBuildFile; fileRef = 21A137622AFA76AA004D16B7 /* XYJHomeListCell.m */; };
		21A137692AFB08DA004D16B7 /* XYJCardView.m in Sources */ = {isa = PBXBuildFile; fileRef = 21A137682AFB08DA004D16B7 /* XYJCardView.m */; };
		21A1376C2AFB09AF004D16B7 /* XYJDetailLabelCell.m in Sources */ = {isa = PBXBuildFile; fileRef = 21A1376A2AFB09AF004D16B7 /* XYJDetailLabelCell.m */; };
		21A1376F2AFB0A18004D16B7 /* XYJCardDetailViewController.m in Sources */ = {isa = PBXBuildFile; fileRef = 21A1376D2AFB0A18004D16B7 /* XYJCardDetailViewController.m */; };
		21A137722AFB137D004D16B7 /* XYJAccountDetailViewController.m in Sources */ = {isa = PBXBuildFile; fileRef = 21A137702AFB137D004D16B7 /* XYJAccountDetailViewController.m */; };
		21A137752AFB14C6004D16B7 /* XYJCustomKeyCell.m in Sources */ = {isa = PBXBuildFile; fileRef = 21A137742AFB14C5004D16B7 /* XYJCustomKeyCell.m */; };
		21A137782AFB1518004D16B7 /* XYJCardEditViewController.m in Sources */ = {isa = PBXBuildFile; fileRef = 21A137762AFB1518004D16B7 /* XYJCardEditViewController.m */; };
		21A1377B2AFB1667004D16B7 /* XYJAccountEditViewController.m in Sources */ = {isa = PBXBuildFile; fileRef = 21A137792AFB1667004D16B7 /* XYJAccountEditViewController.m */; };
		21B1C37D2AFA4936009D968A /* XYJSimpleLabelCell.m in Sources */ = {isa = PBXBuildFile; fileRef = 21B1C3752AFA4936009D968A /* XYJSimpleLabelCell.m */; };
		21C902A723E02BC900FE636C /* XYJSecrecyManager.m in Sources */ = {isa = PBXBuildFile; fileRef = 21C902A623E02BC900FE636C /* XYJSecrecyManager.m */; };
		21D1F11521B2608500671A89 /* XYJDataConstant.plist in Resources */ = {isa = PBXBuildFile; fileRef = 21D1F11421B2608500671A89 /* XYJDataConstant.plist */; };
		21E4258A218C8DF20072D134 /* XYJAppDelegate.m in Sources */ = {isa = PBXBuildFile; fileRef = 21E42589218C8DF20072D134 /* XYJAppDelegate.m */; };
		21E42592218C8DF50072D134 /* Assets.xcassets in Resources */ = {isa = PBXBuildFile; fileRef = 21E42591218C8DF50072D134 /* Assets.xcassets */; };
		21E42598218C8DF50072D134 /* main.m in Sources */ = {isa = PBXBuildFile; fileRef = 21E42597218C8DF50072D134 /* main.m */; };
		21E425AA219D779B0072D134 /* XYJDailyTools.m in Sources */ = {isa = PBXBuildFile; fileRef = 21E425A9219D779B0072D134 /* XYJDailyTools.m */; };
		21E425CE21AA78470072D134 /* LYLUnicode.m in Sources */ = {isa = PBXBuildFile; fileRef = 21E425CD21AA78470072D134 /* LYLUnicode.m */; };
		21E48B852AFA265B0044904F /* AccountDataBase.swift in Sources */ = {isa = PBXBuildFile; fileRef = 21E48B842AFA265B0044904F /* AccountDataBase.swift */; };
		70ED5535E8818345E2598729 /* Pods_key.framework in Frameworks */ = {isa = PBXBuildFile; fileRef = 961FA982499FABD744052768 /* Pods_key.framework */; };
/* End PBXBuildFile section */

/* Begin PBXFileReference section */
		21254FA323E08A9200C8FE03 /* xyj_shield_bg.png */ = {isa = PBXFileReference; lastKnownFileType = image.png; path = xyj_shield_bg.png; sourceTree = "<group>"; };
		2126558621C7EFB300A74BAF /* NSString+Util.h */ = {isa = PBXFileReference; lastKnownFileType = sourcecode.c.h; path = "NSString+Util.h"; sourceTree = "<group>"; };
		2126558721C7EFB300A74BAF /* NSString+Util.m */ = {isa = PBXFileReference; lastKnownFileType = sourcecode.c.objc; path = "NSString+Util.m"; sourceTree = "<group>"; };
		212C25E92AF8D3CB006CC928 /* key-Bridging-Header.h */ = {isa = PBXFileReference; lastKnownFileType = sourcecode.c.h; path = "key-Bridging-Header.h"; sourceTree = "<group>"; };
		212C25EA2AF8D3CB006CC928 /* Card.swift */ = {isa = PBXFileReference; lastKnownFileType = sourcecode.swift; path = Card.swift; sourceTree = "<group>"; };
		212C260E2AFA1A93006CC928 /* Account.swift */ = {isa = PBXFileReference; lastKnownFileType = sourcecode.swift; path = Account.swift; sourceTree = "<group>"; };
		212C26102AFA1D35006CC928 /* CardDataBase.swift */ = {isa = PBXFileReference; lastKnownFileType = sourcecode.swift; path = CardDataBase.swift; sourceTree = "<group>"; };
		2158B3AE21B6BD8C00399A97 /* XYJPasswordViewController.h */ = {isa = PBXFileReference; lastKnownFileType = sourcecode.c.h; path = XYJPasswordViewController.h; sourceTree = "<group>"; };
		2158B3AF21B6BD8C00399A97 /* XYJPasswordViewController.m */ = {isa = PBXFileReference; lastKnownFileType = sourcecode.c.objc; path = XYJPasswordViewController.m; sourceTree = "<group>"; };
		2178A69525F3944A00E31E29 /* XYJToast.m */ = {isa = PBXFileReference; fileEncoding = 4; lastKnownFileType = sourcecode.c.objc; path = XYJToast.m; sourceTree = "<group>"; };
		2178A69625F3944A00E31E29 /* XYJToast.h */ = {isa = PBXFileReference; fileEncoding = 4; lastKnownFileType = sourcecode.c.h; path = XYJToast.h; sourceTree = "<group>"; };
		2178CDA723E6AD410039160C /* XYJAccountListViewController.h */ = {isa = PBXFileReference; lastKnownFileType = sourcecode.c.h; path = XYJAccountListViewController.h; sourceTree = "<group>"; };
		2178CDA823E6AD410039160C /* XYJAccountListViewController.m */ = {isa = PBXFileReference; lastKnownFileType = sourcecode.c.objc; path = XYJAccountListViewController.m; sourceTree = "<group>"; };
		2178CDAA23E6AEAF0039160C /* XYJSettingViewController.h */ = {isa = PBXFileReference; lastKnownFileType = sourcecode.c.h; path = XYJSettingViewController.h; sourceTree = "<group>"; };
		2178CDAB23E6AEAF0039160C /* XYJSettingViewController.m */ = {isa = PBXFileReference; lastKnownFileType = sourcecode.c.objc; path = XYJSettingViewController.m; sourceTree = "<group>"; };
		218405AB23E46A2C000BB9E2 /* XYJHomeViewController.h */ = {isa = PBXFileReference; lastKnownFileType = sourcecode.c.h; path = XYJHomeViewController.h; sourceTree = "<group>"; };
		218405AC23E46A2C000BB9E2 /* XYJHomeViewController.m */ = {isa = PBXFileReference; lastKnownFileType = sourcecode.c.objc; path = XYJHomeViewController.m; sourceTree = "<group>"; };
		218405AE23E530DC000BB9E2 /* XYJColorUtils.h */ = {isa = PBXFileReference; lastKnownFileType = sourcecode.c.h; path = XYJColorUtils.h; sourceTree = "<group>"; };
		218405AF23E530DC000BB9E2 /* XYJColorUtils.m */ = {isa = PBXFileReference; lastKnownFileType = sourcecode.c.objc; path = XYJColorUtils.m; sourceTree = "<group>"; };
		218405B623E581EA000BB9E2 /* XYJHomeTabBar.h */ = {isa = PBXFileReference; lastKnownFileType = sourcecode.c.h; path = XYJHomeTabBar.h; sourceTree = "<group>"; };
		218405B723E581EA000BB9E2 /* XYJHomeTabBar.m */ = {isa = PBXFileReference; lastKnownFileType = sourcecode.c.objc; path = XYJHomeTabBar.m; sourceTree = "<group>"; };
		218405BC23E5BCB1000BB9E2 /* XYJCardListViewController.h */ = {isa = PBXFileReference; lastKnownFileType = sourcecode.c.h; path = XYJCardListViewController.h; sourceTree = "<group>"; };
		218405BD23E5BCB1000BB9E2 /* XYJCardListViewController.m */ = {isa = PBXFileReference; lastKnownFileType = sourcecode.c.objc; path = XYJCardListViewController.m; sourceTree = "<group>"; };
		21A137612AFA76AA004D16B7 /* XYJHomeListCell.h */ = {isa = PBXFileReference; fileEncoding = 4; lastKnownFileType = sourcecode.c.h; path = XYJHomeListCell.h; sourceTree = "<group>"; };
		21A137622AFA76AA004D16B7 /* XYJHomeListCell.m */ = {isa = PBXFileReference; fileEncoding = 4; lastKnownFileType = sourcecode.c.objc; path = XYJHomeListCell.m; sourceTree = "<group>"; };
		21A137672AFB08DA004D16B7 /* XYJCardView.h */ = {isa = PBXFileReference; fileEncoding = 4; lastKnownFileType = sourcecode.c.h; path = XYJCardView.h; sourceTree = "<group>"; };
		21A137682AFB08DA004D16B7 /* XYJCardView.m */ = {isa = PBXFileReference; fileEncoding = 4; lastKnownFileType = sourcecode.c.objc; path = XYJCardView.m; sourceTree = "<group>"; };
		21A1376A2AFB09AF004D16B7 /* XYJDetailLabelCell.m */ = {isa = PBXFileReference; fileEncoding = 4; lastKnownFileType = sourcecode.c.objc; path = XYJDetailLabelCell.m; sourceTree = "<group>"; };
		21A1376B2AFB09AF004D16B7 /* XYJDetailLabelCell.h */ = {isa = PBXFileReference; fileEncoding = 4; lastKnownFileType = sourcecode.c.h; path = XYJDetailLabelCell.h; sourceTree = "<group>"; };
		21A1376D2AFB0A18004D16B7 /* XYJCardDetailViewController.m */ = {isa = PBXFileReference; fileEncoding = 4; lastKnownFileType = sourcecode.c.objc; path = XYJCardDetailViewController.m; sourceTree = "<group>"; };
		21A1376E2AFB0A18004D16B7 /* XYJCardDetailViewController.h */ = {isa = PBXFileReference; fileEncoding = 4; lastKnownFileType = sourcecode.c.h; path = XYJCardDetailViewController.h; sourceTree = "<group>"; };
		21A137702AFB137D004D16B7 /* XYJAccountDetailViewController.m */ = {isa = PBXFileReference; fileEncoding = 4; lastKnownFileType = sourcecode.c.objc; path = XYJAccountDetailViewController.m; sourceTree = "<group>"; };
		21A137712AFB137D004D16B7 /* XYJAccountDetailViewController.h */ = {isa = PBXFileReference; fileEncoding = 4; lastKnownFileType = sourcecode.c.h; path = XYJAccountDetailViewController.h; sourceTree = "<group>"; };
		21A137732AFB14C5004D16B7 /* XYJCustomKeyCell.h */ = {isa = PBXFileReference; fileEncoding = 4; lastKnownFileType = sourcecode.c.h; path = XYJCustomKeyCell.h; sourceTree = "<group>"; };
		21A137742AFB14C5004D16B7 /* XYJCustomKeyCell.m */ = {isa = PBXFileReference; fileEncoding = 4; lastKnownFileType = sourcecode.c.objc; path = XYJCustomKeyCell.m; sourceTree = "<group>"; };
		21A137762AFB1518004D16B7 /* XYJCardEditViewController.m */ = {isa = PBXFileReference; fileEncoding = 4; lastKnownFileType = sourcecode.c.objc; path = XYJCardEditViewController.m; sourceTree = "<group>"; };
		21A137772AFB1518004D16B7 /* XYJCardEditViewController.h */ = {isa = PBXFileReference; fileEncoding = 4; lastKnownFileType = sourcecode.c.h; path = XYJCardEditViewController.h; sourceTree = "<group>"; };
		21A137792AFB1667004D16B7 /* XYJAccountEditViewController.m */ = {isa = PBXFileReference; fileEncoding = 4; lastKnownFileType = sourcecode.c.objc; path = XYJAccountEditViewController.m; sourceTree = "<group>"; };
		21A1377A2AFB1667004D16B7 /* XYJAccountEditViewController.h */ = {isa = PBXFileReference; fileEncoding = 4; lastKnownFileType = sourcecode.c.h; path = XYJAccountEditViewController.h; sourceTree = "<group>"; };
		21B1C3752AFA4936009D968A /* XYJSimpleLabelCell.m */ = {isa = PBXFileReference; fileEncoding = 4; lastKnownFileType = sourcecode.c.objc; path = XYJSimpleLabelCell.m; sourceTree = "<group>"; };
		21B1C3792AFA4936009D968A /* XYJSimpleLabelCell.h */ = {isa = PBXFileReference; fileEncoding = 4; lastKnownFileType = sourcecode.c.h; path = XYJSimpleLabelCell.h; sourceTree = "<group>"; };
		21C902A523E02BC900FE636C /* XYJSecrecyManager.h */ = {isa = PBXFileReference; lastKnownFileType = sourcecode.c.h; path = XYJSecrecyManager.h; sourceTree = "<group>"; };
		21C902A623E02BC900FE636C /* XYJSecrecyManager.m */ = {isa = PBXFileReference; lastKnownFileType = sourcecode.c.objc; path = XYJSecrecyManager.m; sourceTree = "<group>"; };
		21D1F11421B2608500671A89 /* XYJDataConstant.plist */ = {isa = PBXFileReference; lastKnownFileType = text.plist.xml; path = XYJDataConstant.plist; sourceTree = "<group>"; };
		21E42585218C8DF20072D134 /* key.app */ = {isa = PBXFileReference; explicitFileType = wrapper.application; includeInIndex = 0; path = key.app; sourceTree = BUILT_PRODUCTS_DIR; };
		21E42588218C8DF20072D134 /* XYJAppDelegate.h */ = {isa = PBXFileReference; lastKnownFileType = sourcecode.c.h; path = XYJAppDelegate.h; sourceTree = "<group>"; };
		21E42589218C8DF20072D134 /* XYJAppDelegate.m */ = {isa = PBXFileReference; lastKnownFileType = sourcecode.c.objc; path = XYJAppDelegate.m; sourceTree = "<group>"; };
		21E42591218C8DF50072D134 /* Assets.xcassets */ = {isa = PBXFileReference; lastKnownFileType = folder.assetcatalog; path = Assets.xcassets; sourceTree = "<group>"; };
		21E42596218C8DF50072D134 /* Info.plist */ = {isa = PBXFileReference; lastKnownFileType = text.plist.xml; path = Info.plist; sourceTree = "<group>"; };
		21E42597218C8DF50072D134 /* main.m */ = {isa = PBXFileReference; lastKnownFileType = sourcecode.c.objc; path = main.m; sourceTree = "<group>"; };
		21E425A2219D72E30072D134 /* XYJDailyTools.h */ = {isa = PBXFileReference; lastKnownFileType = sourcecode.c.h; path = XYJDailyTools.h; sourceTree = "<group>"; };
		21E425A9219D779B0072D134 /* XYJDailyTools.m */ = {isa = PBXFileReference; fileEncoding = 4; lastKnownFileType = sourcecode.c.objc; path = XYJDailyTools.m; sourceTree = "<group>"; };
		21E425AD219D78E20072D134 /* KeyPrefix.pch */ = {isa = PBXFileReference; lastKnownFileType = sourcecode.c.h; path = KeyPrefix.pch; sourceTree = SOURCE_ROOT; };
		21E425CC21AA78470072D134 /* LYLUnicode.h */ = {isa = PBXFileReference; fileEncoding = 4; lastKnownFileType = sourcecode.c.h; path = LYLUnicode.h; sourceTree = "<group>"; };
		21E425CD21AA78470072D134 /* LYLUnicode.m */ = {isa = PBXFileReference; fileEncoding = 4; lastKnownFileType = sourcecode.c.objc; path = LYLUnicode.m; sourceTree = "<group>"; };
		21E48B842AFA265B0044904F /* AccountDataBase.swift */ = {isa = PBXFileReference; lastKnownFileType = sourcecode.swift; path = AccountDataBase.swift; sourceTree = "<group>"; };
		961FA982499FABD744052768 /* Pods_key.framework */ = {isa = PBXFileReference; explicitFileType = wrapper.framework; includeInIndex = 0; path = Pods_key.framework; sourceTree = BUILT_PRODUCTS_DIR; };
		9FA61AA0FCC3EADB0071FBF6 /* Pods-key.release.xcconfig */ = {isa = PBXFileReference; includeInIndex = 1; lastKnownFileType = text.xcconfig; name = "Pods-key.release.xcconfig"; path = "Pods/Target Support Files/Pods-key/Pods-key.release.xcconfig"; sourceTree = "<group>"; };
		AA923611CADB915CAC9753B7 /* Pods-key.debug.xcconfig */ = {isa = PBXFileReference; includeInIndex = 1; lastKnownFileType = text.xcconfig; name = "Pods-key.debug.xcconfig"; path = "Pods/Target Support Files/Pods-key/Pods-key.debug.xcconfig"; sourceTree = "<group>"; };
/* End PBXFileReference section */

/* Begin PBXFrameworksBuildPhase section */
		21E42582218C8DF20072D134 /* Frameworks */ = {
			isa = PBXFrameworksBuildPhase;
			buildActionMask = 2147483647;
			files = (
				70ED5535E8818345E2598729 /* Pods_key.framework in Frameworks */,
			);
			runOnlyForDeploymentPostprocessing = 0;
		};
/* End PBXFrameworksBuildPhase section */

/* Begin PBXGroup section */
		003C0EAD25CF918A00664970 /* ThirdPart */ = {
			isa = PBXGroup;
			children = (
				21E425CC21AA78470072D134 /* LYLUnicode.h */,
				21E425CD21AA78470072D134 /* LYLUnicode.m */,
			);
			path = ThirdPart;
			sourceTree = "<group>";
		};
		2159E06D21BD21A2004590BD /* DataBase */ = {
			isa = PBXGroup;
			children = (
				212C25EA2AF8D3CB006CC928 /* Card.swift */,
				212C26102AFA1D35006CC928 /* CardDataBase.swift */,
				212C260E2AFA1A93006CC928 /* Account.swift */,
				21E48B842AFA265B0044904F /* AccountDataBase.swift */,
			);
			path = DataBase;
			sourceTree = "<group>";
		};
		21B1C3732AFA4936009D968A /* Cell */ = {
			isa = PBXGroup;
			children = (
				21A137732AFB14C5004D16B7 /* XYJCustomKeyCell.h */,
				21A137742AFB14C5004D16B7 /* XYJCustomKeyCell.m */,
				21B1C3792AFA4936009D968A /* XYJSimpleLabelCell.h */,
				21B1C3752AFA4936009D968A /* XYJSimpleLabelCell.m */,
				21A137612AFA76AA004D16B7 /* XYJHomeListCell.h */,
				21A137622AFA76AA004D16B7 /* XYJHomeListCell.m */,
				21A1376B2AFB09AF004D16B7 /* XYJDetailLabelCell.h */,
				21A1376A2AFB09AF004D16B7 /* XYJDetailLabelCell.m */,
			);
			path = Cell;
			sourceTree = "<group>";
		};
		21C902A423E02B7700FE636C /* Manager */ = {
			isa = PBXGroup;
			children = (
				21254FA323E08A9200C8FE03 /* xyj_shield_bg.png */,
				21C902A523E02BC900FE636C /* XYJSecrecyManager.h */,
				21C902A623E02BC900FE636C /* XYJSecrecyManager.m */,
			);
			path = Manager;
			sourceTree = "<group>";
		};
		21E4257C218C8DF20072D134 = {
			isa = PBXGroup;
			children = (
				21E42587218C8DF20072D134 /* key */,
				21E42586218C8DF20072D134 /* Products */,
				D9A1F2834C75D72B2ADFB4B8 /* Pods */,
				2459CFD5A269DBE648726083 /* Frameworks */,
			);
			sourceTree = "<group>";
		};
		21E42586218C8DF20072D134 /* Products */ = {
			isa = PBXGroup;
			children = (
				21E42585218C8DF20072D134 /* key.app */,
			);
			name = Products;
			sourceTree = "<group>";
		};
		21E42587218C8DF20072D134 /* key */ = {
			isa = PBXGroup;
			children = (
				21E42588218C8DF20072D134 /* XYJAppDelegate.h */,
				21E42589218C8DF20072D134 /* XYJAppDelegate.m */,
				21C902A423E02B7700FE636C /* Manager */,
				21E425C521A59D2F0072D134 /* Controller */,
				21E425BD21A59CC60072D134 /* View */,
				2159E06D21BD21A2004590BD /* DataBase */,
				21E425B121A5887D0072D134 /* Utils */,
				003C0EAD25CF918A00664970 /* ThirdPart */,
				21E425AC219D789C0072D134 /* Supporting Files */,
			);
			path = key;
			sourceTree = "<group>";
		};
		21E425AC219D789C0072D134 /* Supporting Files */ = {
			isa = PBXGroup;
			children = (
				212C25E92AF8D3CB006CC928 /* key-Bridging-Header.h */,
				21E42591218C8DF50072D134 /* Assets.xcassets */,
				21E42596218C8DF50072D134 /* Info.plist */,
				21E42597218C8DF50072D134 /* main.m */,
				21E425AD219D78E20072D134 /* KeyPrefix.pch */,
				21D1F11421B2608500671A89 /* XYJDataConstant.plist */,
			);
			name = "Supporting Files";
			sourceTree = "<group>";
		};
		21E425B121A5887D0072D134 /* Utils */ = {
			isa = PBXGroup;
			children = (
				218405AE23E530DC000BB9E2 /* XYJColorUtils.h */,
				218405AF23E530DC000BB9E2 /* XYJColorUtils.m */,
				21E425A2219D72E30072D134 /* XYJDailyTools.h */,
				21E425A9219D779B0072D134 /* XYJDailyTools.m */,
				2126558621C7EFB300A74BAF /* NSString+Util.h */,
				2126558721C7EFB300A74BAF /* NSString+Util.m */,
			);
			path = Utils;
			sourceTree = "<group>";
		};
		21E425BD21A59CC60072D134 /* View */ = {
			isa = PBXGroup;
			children = (
				21B1C3732AFA4936009D968A /* Cell */,
				2178A69625F3944A00E31E29 /* XYJToast.h */,
				2178A69525F3944A00E31E29 /* XYJToast.m */,
				21A137672AFB08DA004D16B7 /* XYJCardView.h */,
				21A137682AFB08DA004D16B7 /* XYJCardView.m */,
				218405B623E581EA000BB9E2 /* XYJHomeTabBar.h */,
				218405B723E581EA000BB9E2 /* XYJHomeTabBar.m */,
			);
			path = View;
			sourceTree = "<group>";
		};
		21E425C521A59D2F0072D134 /* Controller */ = {
			isa = PBXGroup;
			children = (
				2158B3AE21B6BD8C00399A97 /* XYJPasswordViewController.h */,
				2158B3AF21B6BD8C00399A97 /* XYJPasswordViewController.m */,
				2178CDAA23E6AEAF0039160C /* XYJSettingViewController.h */,
				2178CDAB23E6AEAF0039160C /* XYJSettingViewController.m */,
				218405AB23E46A2C000BB9E2 /* XYJHomeViewController.h */,
				218405AC23E46A2C000BB9E2 /* XYJHomeViewController.m */,
				218405BC23E5BCB1000BB9E2 /* XYJCardListViewController.h */,
				218405BD23E5BCB1000BB9E2 /* XYJCardListViewController.m */,
				21A1376E2AFB0A18004D16B7 /* XYJCardDetailViewController.h */,
				21A1376D2AFB0A18004D16B7 /* XYJCardDetailViewController.m */,
				21A137772AFB1518004D16B7 /* XYJCardEditViewController.h */,
				21A137762AFB1518004D16B7 /* XYJCardEditViewController.m */,
				2178CDA723E6AD410039160C /* XYJAccountListViewController.h */,
				2178CDA823E6AD410039160C /* XYJAccountListViewController.m */,
				21A137712AFB137D004D16B7 /* XYJAccountDetailViewController.h */,
				21A137702AFB137D004D16B7 /* XYJAccountDetailViewController.m */,
				21A1377A2AFB1667004D16B7 /* XYJAccountEditViewController.h */,
				21A137792AFB1667004D16B7 /* XYJAccountEditViewController.m */,
			);
			path = Controller;
			sourceTree = "<group>";
		};
		2459CFD5A269DBE648726083 /* Frameworks */ = {
			isa = PBXGroup;
			children = (
				961FA982499FABD744052768 /* Pods_key.framework */,
			);
			name = Frameworks;
			sourceTree = "<group>";
		};
		D9A1F2834C75D72B2ADFB4B8 /* Pods */ = {
			isa = PBXGroup;
			children = (
				AA923611CADB915CAC9753B7 /* Pods-key.debug.xcconfig */,
				9FA61AA0FCC3EADB0071FBF6 /* Pods-key.release.xcconfig */,
			);
			name = Pods;
			sourceTree = "<group>";
		};
/* End PBXGroup section */

/* Begin PBXNativeTarget section */
		21E42584218C8DF20072D134 /* key */ = {
			isa = PBXNativeTarget;
			buildConfigurationList = 21E4259B218C8DF50072D134 /* Build configuration list for PBXNativeTarget "key" */;
			buildPhases = (
				B8D3FFB0EB619A6DE03455A6 /* [CP] Check Pods Manifest.lock */,
				21E42581218C8DF20072D134 /* Sources */,
				21E42582218C8DF20072D134 /* Frameworks */,
				21E42583218C8DF20072D134 /* Resources */,
				C65CE50D789D2946FD7BA5C8 /* [CP] Embed Pods Frameworks */,
			);
			buildRules = (
			);
			dependencies = (
			);
			name = key;
			productName = key;
			productReference = 21E42585218C8DF20072D134 /* key.app */;
			productType = "com.apple.product-type.application";
		};
/* End PBXNativeTarget section */

/* Begin PBXProject section */
		21E4257D218C8DF20072D134 /* Project object */ = {
			isa = PBXProject;
			attributes = {
				LastUpgradeCheck = 1000;
				ORGANIZATIONNAME = netease;
				TargetAttributes = {
					21E42584218C8DF20072D134 = {
						CreatedOnToolsVersion = 10.0;
						LastSwiftMigration = 1420;
					};
				};
			};
			buildConfigurationList = 21E42580218C8DF20072D134 /* Build configuration list for PBXProject "key" */;
			compatibilityVersion = "Xcode 9.3";
			developmentRegion = en;
			hasScannedForEncodings = 0;
			knownRegions = (
				en,
				Base,
			);
			mainGroup = 21E4257C218C8DF20072D134;
			productRefGroup = 21E42586218C8DF20072D134 /* Products */;
			projectDirPath = "";
			projectRoot = "";
			targets = (
				21E42584218C8DF20072D134 /* key */,
			);
		};
/* End PBXProject section */

/* Begin PBXResourcesBuildPhase section */
		21E42583218C8DF20072D134 /* Resources */ = {
			isa = PBXResourcesBuildPhase;
			buildActionMask = 2147483647;
			files = (
				21E42592218C8DF50072D134 /* Assets.xcassets in Resources */,
				21D1F11521B2608500671A89 /* XYJDataConstant.plist in Resources */,
				21254FA423E08A9200C8FE03 /* xyj_shield_bg.png in Resources */,
			);
			runOnlyForDeploymentPostprocessing = 0;
		};
/* End PBXResourcesBuildPhase section */

/* Begin PBXShellScriptBuildPhase section */
		B8D3FFB0EB619A6DE03455A6 /* [CP] Check Pods Manifest.lock */ = {
			isa = PBXShellScriptBuildPhase;
			buildActionMask = 2147483647;
			files = (
			);
			inputPaths = (
				"${PODS_PODFILE_DIR_PATH}/Podfile.lock",
				"${PODS_ROOT}/Manifest.lock",
			);
			name = "[CP] Check Pods Manifest.lock";
			outputPaths = (
				"$(DERIVED_FILE_DIR)/Pods-key-checkManifestLockResult.txt",
			);
			runOnlyForDeploymentPostprocessing = 0;
			shellPath = /bin/sh;
			shellScript = "diff \"${PODS_PODFILE_DIR_PATH}/Podfile.lock\" \"${PODS_ROOT}/Manifest.lock\" > /dev/null\nif [ $? != 0 ] ; then\n    # print error to STDERR\n    echo \"error: The sandbox is not in sync with the Podfile.lock. Run 'pod install' or update your CocoaPods installation.\" >&2\n    exit 1\nfi\n# This output is used by Xcode 'outputs' to avoid re-running this script phase.\necho \"SUCCESS\" > \"${SCRIPT_OUTPUT_FILE_0}\"\n";
			showEnvVarsInLog = 0;
		};
		C65CE50D789D2946FD7BA5C8 /* [CP] Embed Pods Frameworks */ = {
			isa = PBXShellScriptBuildPhase;
			buildActionMask = 2147483647;
			files = (
			);
			inputFileListPaths = (
				"${PODS_ROOT}/Target Support Files/Pods-key/Pods-key-frameworks-${CONFIGURATION}-input-files.xcfilelist",
			);
			name = "[CP] Embed Pods Frameworks";
			outputFileListPaths = (
				"${PODS_ROOT}/Target Support Files/Pods-key/Pods-key-frameworks-${CONFIGURATION}-output-files.xcfilelist",
			);
			runOnlyForDeploymentPostprocessing = 0;
			shellPath = /bin/sh;
			shellScript = "\"${PODS_ROOT}/Target Support Files/Pods-key/Pods-key-frameworks.sh\"\n";
			showEnvVarsInLog = 0;
		};
/* End PBXShellScriptBuildPhase section */

/* Begin PBXSourcesBuildPhase section */
		21E42581218C8DF20072D134 /* Sources */ = {
			isa = PBXSourcesBuildPhase;
			buildActionMask = 2147483647;
			files = (
				218405B023E530DC000BB9E2 /* XYJColorUtils.m in Sources */,
				218405B523E57230000BB9E2 /* XYJHomeViewController.m in Sources */,
				2126558821C7EFB300A74BAF /* NSString+Util.m in Sources */,
				21E42598218C8DF50072D134 /* main.m in Sources */,
				212C260F2AFA1A93006CC928 /* Account.swift in Sources */,
				21C902A723E02BC900FE636C /* XYJSecrecyManager.m in Sources */,
				2158B3B021B6BD8C00399A97 /* XYJPasswordViewController.m in Sources */,
				218405B823E581EA000BB9E2 /* XYJHomeTabBar.m in Sources */,
				21A137632AFA76AA004D16B7 /* XYJHomeListCell.m in Sources */,
				21A1376F2AFB0A18004D16B7 /* XYJCardDetailViewController.m in Sources */,
				21A137722AFB137D004D16B7 /* XYJAccountDetailViewController.m in Sources */,
				21E425AA219D779B0072D134 /* XYJDailyTools.m in Sources */,
				21E4258A218C8DF20072D134 /* XYJAppDelegate.m in Sources */,
				21A1377B2AFB1667004D16B7 /* XYJAccountEditViewController.m in Sources */,
				212C25EB2AF8D3CB006CC928 /* Card.swift in Sources */,
				2178CDA923E6AD410039160C /* XYJAccountListViewController.m in Sources */,
				21B1C37D2AFA4936009D968A /* XYJSimpleLabelCell.m in Sources */,
				21E48B852AFA265B0044904F /* AccountDataBase.swift in Sources */,
				21A137752AFB14C6004D16B7 /* XYJCustomKeyCell.m in Sources */,
				212C26112AFA1D35006CC928 /* CardDataBase.swift in Sources */,
				21A137692AFB08DA004D16B7 /* XYJCardView.m in Sources */,
				2178CDAC23E6AEAF0039160C /* XYJSettingViewController.m in Sources */,
				218405BE23E5BCB1000BB9E2 /* XYJCardListViewController.m in Sources */,
				21A137782AFB1518004D16B7 /* XYJCardEditViewController.m in Sources */,
				2178A69725F3944A00E31E29 /* XYJToast.m in Sources */,
				21E425CE21AA78470072D134 /* LYLUnicode.m in Sources */,
				21A1376C2AFB09AF004D16B7 /* XYJDetailLabelCell.m in Sources */,
			);
			runOnlyForDeploymentPostprocessing = 0;
		};
/* End PBXSourcesBuildPhase section */

/* Begin XCBuildConfiguration section */
		21E42599218C8DF50072D134 /* Debug */ = {
			isa = XCBuildConfiguration;
			buildSettings = {
				ALWAYS_SEARCH_USER_PATHS = NO;
				CLANG_ANALYZER_NONNULL = YES;
				CLANG_ANALYZER_NUMBER_OBJECT_CONVERSION = YES_AGGRESSIVE;
				CLANG_CXX_LANGUAGE_STANDARD = "gnu++14";
				CLANG_CXX_LIBRARY = "libc++";
				CLANG_ENABLE_MODULES = YES;
				CLANG_ENABLE_OBJC_ARC = YES;
				CLANG_ENABLE_OBJC_WEAK = YES;
				CLANG_WARN_BLOCK_CAPTURE_AUTORELEASING = YES;
				CLANG_WARN_BOOL_CONVERSION = YES;
				CLANG_WARN_COMMA = YES;
				CLANG_WARN_CONSTANT_CONVERSION = YES;
				CLANG_WARN_DEPRECATED_OBJC_IMPLEMENTATIONS = YES;
				CLANG_WARN_DIRECT_OBJC_ISA_USAGE = YES_ERROR;
				CLANG_WARN_DOCUMENTATION_COMMENTS = YES;
				CLANG_WARN_EMPTY_BODY = YES;
				CLANG_WARN_ENUM_CONVERSION = YES;
				CLANG_WARN_INFINITE_RECURSION = YES;
				CLANG_WARN_INT_CONVERSION = YES;
				CLANG_WARN_NON_LITERAL_NULL_CONVERSION = YES;
				CLANG_WARN_OBJC_IMPLICIT_RETAIN_SELF = YES;
				CLANG_WARN_OBJC_LITERAL_CONVERSION = YES;
				CLANG_WARN_OBJC_ROOT_CLASS = YES_ERROR;
				CLANG_WARN_RANGE_LOOP_ANALYSIS = YES;
				CLANG_WARN_STRICT_PROTOTYPES = YES;
				CLANG_WARN_SUSPICIOUS_MOVE = YES;
				CLANG_WARN_UNGUARDED_AVAILABILITY = YES_AGGRESSIVE;
				CLANG_WARN_UNREACHABLE_CODE = YES;
				CLANG_WARN__DUPLICATE_METHOD_MATCH = YES;
				CODE_SIGN_IDENTITY = "iPhone Developer";
				COPY_PHASE_STRIP = NO;
				DEBUG_INFORMATION_FORMAT = dwarf;
				DEFINES_MODULE = YES;
				ENABLE_STRICT_OBJC_MSGSEND = YES;
				ENABLE_TESTABILITY = YES;
				GCC_C_LANGUAGE_STANDARD = gnu11;
				GCC_DYNAMIC_NO_PIC = NO;
				GCC_NO_COMMON_BLOCKS = YES;
				GCC_OPTIMIZATION_LEVEL = 0;
				GCC_PREPROCESSOR_DEFINITIONS = (
					"DEBUG=1",
					"$(inherited)",
				);
				GCC_WARN_64_TO_32_BIT_CONVERSION = YES;
				GCC_WARN_ABOUT_RETURN_TYPE = YES_ERROR;
				GCC_WARN_UNDECLARED_SELECTOR = YES;
				GCC_WARN_UNINITIALIZED_AUTOS = YES_AGGRESSIVE;
				GCC_WARN_UNUSED_FUNCTION = YES;
				GCC_WARN_UNUSED_VARIABLE = YES;
				IPHONEOS_DEPLOYMENT_TARGET = 12.0;
				MTL_ENABLE_DEBUG_INFO = INCLUDE_SOURCE;
				MTL_FAST_MATH = YES;
				ONLY_ACTIVE_ARCH = YES;
				SDKROOT = iphoneos;
			};
			name = Debug;
		};
		21E4259A218C8DF50072D134 /* Release */ = {
			isa = XCBuildConfiguration;
			buildSettings = {
				ALWAYS_SEARCH_USER_PATHS = NO;
				CLANG_ANALYZER_NONNULL = YES;
				CLANG_ANALYZER_NUMBER_OBJECT_CONVERSION = YES_AGGRESSIVE;
				CLANG_CXX_LANGUAGE_STANDARD = "gnu++14";
				CLANG_CXX_LIBRARY = "libc++";
				CLANG_ENABLE_MODULES = YES;
				CLANG_ENABLE_OBJC_ARC = YES;
				CLANG_ENABLE_OBJC_WEAK = YES;
				CLANG_WARN_BLOCK_CAPTURE_AUTORELEASING = YES;
				CLANG_WARN_BOOL_CONVERSION = YES;
				CLANG_WARN_COMMA = YES;
				CLANG_WARN_CONSTANT_CONVERSION = YES;
				CLANG_WARN_DEPRECATED_OBJC_IMPLEMENTATIONS = YES;
				CLANG_WARN_DIRECT_OBJC_ISA_USAGE = YES_ERROR;
				CLANG_WARN_DOCUMENTATION_COMMENTS = YES;
				CLANG_WARN_EMPTY_BODY = YES;
				CLANG_WARN_ENUM_CONVERSION = YES;
				CLANG_WARN_INFINITE_RECURSION = YES;
				CLANG_WARN_INT_CONVERSION = YES;
				CLANG_WARN_NON_LITERAL_NULL_CONVERSION = YES;
				CLANG_WARN_OBJC_IMPLICIT_RETAIN_SELF = YES;
				CLANG_WARN_OBJC_LITERAL_CONVERSION = YES;
				CLANG_WARN_OBJC_ROOT_CLASS = YES_ERROR;
				CLANG_WARN_RANGE_LOOP_ANALYSIS = YES;
				CLANG_WARN_STRICT_PROTOTYPES = YES;
				CLANG_WARN_SUSPICIOUS_MOVE = YES;
				CLANG_WARN_UNGUARDED_AVAILABILITY = YES_AGGRESSIVE;
				CLANG_WARN_UNREACHABLE_CODE = YES;
				CLANG_WARN__DUPLICATE_METHOD_MATCH = YES;
				CODE_SIGN_IDENTITY = "iPhone Developer";
				COPY_PHASE_STRIP = NO;
				DEBUG_INFORMATION_FORMAT = "dwarf-with-dsym";
				DEFINES_MODULE = YES;
				ENABLE_NS_ASSERTIONS = NO;
				ENABLE_STRICT_OBJC_MSGSEND = YES;
				GCC_C_LANGUAGE_STANDARD = gnu11;
				GCC_NO_COMMON_BLOCKS = YES;
				GCC_WARN_64_TO_32_BIT_CONVERSION = YES;
				GCC_WARN_ABOUT_RETURN_TYPE = YES_ERROR;
				GCC_WARN_UNDECLARED_SELECTOR = YES;
				GCC_WARN_UNINITIALIZED_AUTOS = YES_AGGRESSIVE;
				GCC_WARN_UNUSED_FUNCTION = YES;
				GCC_WARN_UNUSED_VARIABLE = YES;
				IPHONEOS_DEPLOYMENT_TARGET = 12.0;
				MTL_ENABLE_DEBUG_INFO = NO;
				MTL_FAST_MATH = YES;
				SDKROOT = iphoneos;
				VALIDATE_PRODUCT = YES;
			};
			name = Release;
		};
		21E4259C218C8DF50072D134 /* Debug */ = {
			isa = XCBuildConfiguration;
			baseConfigurationReference = AA923611CADB915CAC9753B7 /* Pods-key.debug.xcconfig */;
			buildSettings = {
				ASSETCATALOG_COMPILER_APPICON_NAME = AppIcon;
				ASSETCATALOG_COMPILER_LAUNCHIMAGE_NAME = LaunchImage;
				CLANG_ENABLE_MODULES = YES;
				CODE_SIGN_IDENTITY = "iPhone Developer";
				CODE_SIGN_STYLE = Manual;
				CURRENT_PROJECT_VERSION = 11;
				DEBUG_INFORMATION_FORMAT = "dwarf-with-dsym";
				DEVELOPMENT_TEAM = 8BMZBNN3Q5;
				GCC_PRECOMPILE_PREFIX_HEADER = YES;
				GCC_PREFIX_HEADER = KeyPrefix.pch;
				INFOPLIST_FILE = key/Info.plist;
				LD_RUNPATH_SEARCH_PATHS = (
					"$(inherited)",
					"@executable_path/Frameworks",
				);
				MARKETING_VERSION = 2.0.2;
				PRODUCT_BUNDLE_IDENTIFIER = com.polyv.key;
				PRODUCT_NAME = "$(TARGET_NAME)";
				PROVISIONING_PROFILE_SPECIFIER = "XC Wildcard Dev Profile";
				SWIFT_OBJC_BRIDGING_HEADER = "key/key-Bridging-Header.h";
				SWIFT_OPTIMIZATION_LEVEL = "-Onone";
				SWIFT_VERSION = 5.0;
				TARGETED_DEVICE_FAMILY = 1;
			};
			name = Debug;
		};
		21E4259D218C8DF50072D134 /* Release */ = {
			isa = XCBuildConfiguration;
			baseConfigurationReference = 9FA61AA0FCC3EADB0071FBF6 /* Pods-key.release.xcconfig */;
			buildSettings = {
				ASSETCATALOG_COMPILER_APPICON_NAME = AppIcon;
				ASSETCATALOG_COMPILER_LAUNCHIMAGE_NAME = LaunchImage;
				CLANG_ENABLE_MODULES = YES;
				CODE_SIGN_IDENTITY = "iPhone Distribution";
				CODE_SIGN_STYLE = Manual;
				CURRENT_PROJECT_VERSION = 11;
				DEVELOPMENT_TEAM = 8BMZBNN3Q5;
				GCC_PRECOMPILE_PREFIX_HEADER = YES;
				GCC_PREFIX_HEADER = KeyPrefix.pch;
				INFOPLIST_FILE = key/Info.plist;
				LD_RUNPATH_SEARCH_PATHS = (
					"$(inherited)",
					"@executable_path/Frameworks",
				);
				MARKETING_VERSION = 2.0.2;
				PRODUCT_BUNDLE_IDENTIFIER = com.polyv.key;
				PRODUCT_NAME = "$(TARGET_NAME)";
				PROVISIONING_PROFILE_SPECIFIER = "XC Wildcard Profile";
				SWIFT_OBJC_BRIDGING_HEADER = "key/key-Bridging-Header.h";
				SWIFT_VERSION = 5.0;
				TARGETED_DEVICE_FAMILY = 1;
			};
			name = Release;
		};
/* End XCBuildConfiguration section */

/* Begin XCConfigurationList section */
		21E42580218C8DF20072D134 /* Build configuration list for PBXProject "key" */ = {
			isa = XCConfigurationList;
			buildConfigurations = (
				21E42599218C8DF50072D134 /* Debug */,
				21E4259A218C8DF50072D134 /* Release */,
			);
			defaultConfigurationIsVisible = 0;
			defaultConfigurationName = Release;
		};
		21E4259B218C8DF50072D134 /* Build configuration list for PBXNativeTarget "key" */ = {
			isa = XCConfigurationList;
			buildConfigurations = (
				21E4259C218C8DF50072D134 /* Debug */,
				21E4259D218C8DF50072D134 /* Release */,
			);
			defaultConfigurationIsVisible = 0;
			defaultConfigurationName = Release;
		};
/* End XCConfigurationList section */
	};
	rootObject = 21E4257D218C8DF20072D134 /* Project object */;
}
