// !$*UTF8*$!
{
	archiveVersion = 1;
	classes = {
	};
	objectVersion = 56;
	objects = {

/* Begin PBXBuildFile section */
		213C985F2B3679680015FFD7 /* AppDelegate.swift in Sources */ = {isa = PBXBuildFile; fileRef = 213C985E2B3679680015FFD7 /* AppDelegate.swift */; };
		213C98682B36796B0015FFD7 /* Assets.xcassets in Resources */ = {isa = PBXBuildFile; fileRef = 213C98672B36796B0015FFD7 /* Assets.xcassets */; };
		213C986B2B36796B0015FFD7 /* LaunchScreen.storyboard in Resources */ = {isa = PBXBuildFile; fileRef = 213C98692B36796B0015FFD7 /* LaunchScreen.storyboard */; };
		213C98922B3BCB420015FFD7 /* PasswordViewController.swift in Sources */ = {isa = PBXBuildFile; fileRef = 213C98912B3BCB420015FFD7 /* PasswordViewController.swift */; };
		213C98972B3BCC7A0015FFD7 /* String+Util.swift in Sources */ = {isa = PBXBuildFile; fileRef = 213C98942B3BCC7A0015FFD7 /* String+Util.swift */; };
		213C98982B3BCC7A0015FFD7 /* UIFont+Util.swift in Sources */ = {isa = PBXBuildFile; fileRef = 213C98952B3BCC7A0015FFD7 /* UIFont+Util.swift */; };
		213C98992B3BCC7A0015FFD7 /* UIColor+Util.swift in Sources */ = {isa = PBXBuildFile; fileRef = 213C98962B3BCC7A0015FFD7 /* UIColor+Util.swift */; };
		213C989C2B3BCCA00015FFD7 /* SecrecyManager.swift in Sources */ = {isa = PBXBuildFile; fileRef = 213C989B2B3BCCA00015FFD7 /* SecrecyManager.swift */; };
		213C98A22B3C5E0B0015FFD7 /* SimpleLabelCell.swift in Sources */ = {isa = PBXBuildFile; fileRef = 213C989E2B3C5E0A0015FFD7 /* SimpleLabelCell.swift */; };
		213C98A32B3C5E0B0015FFD7 /* HomeListCell.swift in Sources */ = {isa = PBXBuildFile; fileRef = 213C989F2B3C5E0A0015FFD7 /* HomeListCell.swift */; };
		213C98A42B3C5E0B0015FFD7 /* CustomKeyCell.swift in Sources */ = {isa = PBXBuildFile; fileRef = 213C98A02B3C5E0B0015FFD7 /* CustomKeyCell.swift */; };
		213C98A52B3C5E0B0015FFD7 /* DetailLabelCell.swift in Sources */ = {isa = PBXBuildFile; fileRef = 213C98A12B3C5E0B0015FFD7 /* DetailLabelCell.swift */; };
		213C98AA2B3C5E3C0015FFD7 /* HomeTabBar.swift in Sources */ = {isa = PBXBuildFile; fileRef = 213C98A72B3C5E3C0015FFD7 /* HomeTabBar.swift */; };
		213C98AB2B3C5E3C0015FFD7 /* Toast.swift in Sources */ = {isa = PBXBuildFile; fileRef = 213C98A82B3C5E3C0015FFD7 /* Toast.swift */; };
		213C98AC2B3C5E3C0015FFD7 /* CardView.swift in Sources */ = {isa = PBXBuildFile; fileRef = 213C98A92B3C5E3C0015FFD7 /* CardView.swift */; };
		213C98B22B3C5E7D0015FFD7 /* CardDataBase.swift in Sources */ = {isa = PBXBuildFile; fileRef = 213C98AE2B3C5E7D0015FFD7 /* CardDataBase.swift */; };
		213C98B32B3C5E7D0015FFD7 /* Account.swift in Sources */ = {isa = PBXBuildFile; fileRef = 213C98AF2B3C5E7D0015FFD7 /* Account.swift */; };
		213C98B42B3C5E7D0015FFD7 /* AccountDataBase.swift in Sources */ = {isa = PBXBuildFile; fileRef = 213C98B02B3C5E7D0015FFD7 /* AccountDataBase.swift */; };
		213C98B52B3C5E7D0015FFD7 /* Card.swift in Sources */ = {isa = PBXBuildFile; fileRef = 213C98B12B3C5E7D0015FFD7 /* Card.swift */; };
		21A062A52B3C61E800FF8CD6 /* AccountListViewController.swift in Sources */ = {isa = PBXBuildFile; fileRef = 21A0629D2B3C61E800FF8CD6 /* AccountListViewController.swift */; };
		21A062A62B3C61E800FF8CD6 /* CardListViewController.swift in Sources */ = {isa = PBXBuildFile; fileRef = 21A0629E2B3C61E800FF8CD6 /* CardListViewController.swift */; };
		21A062A72B3C61E800FF8CD6 /* CardDetailViewController.swift in Sources */ = {isa = PBXBuildFile; fileRef = 21A0629F2B3C61E800FF8CD6 /* CardDetailViewController.swift */; };
		21A062A82B3C61E800FF8CD6 /* PreferenceViewController.swift in Sources */ = {isa = PBXBuildFile; fileRef = 21A062A02B3C61E800FF8CD6 /* PreferenceViewController.swift */; };
		21A062A92B3C61E800FF8CD6 /* HomeViewController.swift in Sources */ = {isa = PBXBuildFile; fileRef = 21A062A12B3C61E800FF8CD6 /* HomeViewController.swift */; };
		21A062AA2B3C61E800FF8CD6 /* AccountEditViewController.swift in Sources */ = {isa = PBXBuildFile; fileRef = 21A062A22B3C61E800FF8CD6 /* AccountEditViewController.swift */; };
		21A062AB2B3C61E800FF8CD6 /* AccountDetailViewController.swift in Sources */ = {isa = PBXBuildFile; fileRef = 21A062A32B3C61E800FF8CD6 /* AccountDetailViewController.swift */; };
		21A062AC2B3C61E800FF8CD6 /* CardEditViewController.swift in Sources */ = {isa = PBXBuildFile; fileRef = 21A062A42B3C61E800FF8CD6 /* CardEditViewController.swift */; };
		9D6D28A60C83719F1AEB251F /* Pods_key.framework in Frameworks */ = {isa = PBXBuildFile; fileRef = 608A5EBE0A6196657137821C /* Pods_key.framework */; };
/* End PBXBuildFile section */

/* Begin PBXFileReference section */
		213C985B2B3679680015FFD7 /* key.app */ = {isa = PBXFileReference; explicitFileType = wrapper.application; includeInIndex = 0; path = key.app; sourceTree = BUILT_PRODUCTS_DIR; };
		213C985E2B3679680015FFD7 /* AppDelegate.swift */ = {isa = PBXFileReference; lastKnownFileType = sourcecode.swift; path = AppDelegate.swift; sourceTree = "<group>"; };
		213C98672B36796B0015FFD7 /* Assets.xcassets */ = {isa = PBXFileReference; lastKnownFileType = folder.assetcatalog; path = Assets.xcassets; sourceTree = "<group>"; };
		213C986A2B36796B0015FFD7 /* Base */ = {isa = PBXFileReference; lastKnownFileType = file.storyboard; name = Base; path = Base.lproj/LaunchScreen.storyboard; sourceTree = "<group>"; };
		213C986C2B36796B0015FFD7 /* Info.plist */ = {isa = PBXFileReference; lastKnownFileType = text.plist.xml; path = Info.plist; sourceTree = "<group>"; };
		213C98912B3BCB420015FFD7 /* PasswordViewController.swift */ = {isa = PBXFileReference; fileEncoding = 4; lastKnownFileType = sourcecode.swift; path = PasswordViewController.swift; sourceTree = "<group>"; };
		213C98942B3BCC7A0015FFD7 /* String+Util.swift */ = {isa = PBXFileReference; fileEncoding = 4; lastKnownFileType = sourcecode.swift; path = "String+Util.swift"; sourceTree = "<group>"; };
		213C98952B3BCC7A0015FFD7 /* UIFont+Util.swift */ = {isa = PBXFileReference; fileEncoding = 4; lastKnownFileType = sourcecode.swift; path = "UIFont+Util.swift"; sourceTree = "<group>"; };
		213C98962B3BCC7A0015FFD7 /* UIColor+Util.swift */ = {isa = PBXFileReference; fileEncoding = 4; lastKnownFileType = sourcecode.swift; path = "UIColor+Util.swift"; sourceTree = "<group>"; };
		213C989B2B3BCCA00015FFD7 /* SecrecyManager.swift */ = {isa = PBXFileReference; fileEncoding = 4; lastKnownFileType = sourcecode.swift; path = SecrecyManager.swift; sourceTree = "<group>"; };
		213C989E2B3C5E0A0015FFD7 /* SimpleLabelCell.swift */ = {isa = PBXFileReference; fileEncoding = 4; lastKnownFileType = sourcecode.swift; path = SimpleLabelCell.swift; sourceTree = "<group>"; };
		213C989F2B3C5E0A0015FFD7 /* HomeListCell.swift */ = {isa = PBXFileReference; fileEncoding = 4; lastKnownFileType = sourcecode.swift; path = HomeListCell.swift; sourceTree = "<group>"; };
		213C98A02B3C5E0B0015FFD7 /* CustomKeyCell.swift */ = {isa = PBXFileReference; fileEncoding = 4; lastKnownFileType = sourcecode.swift; path = CustomKeyCell.swift; sourceTree = "<group>"; };
		213C98A12B3C5E0B0015FFD7 /* DetailLabelCell.swift */ = {isa = PBXFileReference; fileEncoding = 4; lastKnownFileType = sourcecode.swift; path = DetailLabelCell.swift; sourceTree = "<group>"; };
		213C98A72B3C5E3C0015FFD7 /* HomeTabBar.swift */ = {isa = PBXFileReference; fileEncoding = 4; lastKnownFileType = sourcecode.swift; path = HomeTabBar.swift; sourceTree = "<group>"; };
		213C98A82B3C5E3C0015FFD7 /* Toast.swift */ = {isa = PBXFileReference; fileEncoding = 4; lastKnownFileType = sourcecode.swift; path = Toast.swift; sourceTree = "<group>"; };
		213C98A92B3C5E3C0015FFD7 /* CardView.swift */ = {isa = PBXFileReference; fileEncoding = 4; lastKnownFileType = sourcecode.swift; path = CardView.swift; sourceTree = "<group>"; };
		213C98AE2B3C5E7D0015FFD7 /* CardDataBase.swift */ = {isa = PBXFileReference; fileEncoding = 4; lastKnownFileType = sourcecode.swift; path = CardDataBase.swift; sourceTree = "<group>"; };
		213C98AF2B3C5E7D0015FFD7 /* Account.swift */ = {isa = PBXFileReference; fileEncoding = 4; lastKnownFileType = sourcecode.swift; path = Account.swift; sourceTree = "<group>"; };
		213C98B02B3C5E7D0015FFD7 /* AccountDataBase.swift */ = {isa = PBXFileReference; fileEncoding = 4; lastKnownFileType = sourcecode.swift; path = AccountDataBase.swift; sourceTree = "<group>"; };
		213C98B12B3C5E7D0015FFD7 /* Card.swift */ = {isa = PBXFileReference; fileEncoding = 4; lastKnownFileType = sourcecode.swift; path = Card.swift; sourceTree = "<group>"; };
		21A0629D2B3C61E800FF8CD6 /* AccountListViewController.swift */ = {isa = PBXFileReference; fileEncoding = 4; lastKnownFileType = sourcecode.swift; path = AccountListViewController.swift; sourceTree = "<group>"; };
		21A0629E2B3C61E800FF8CD6 /* CardListViewController.swift */ = {isa = PBXFileReference; fileEncoding = 4; lastKnownFileType = sourcecode.swift; path = CardListViewController.swift; sourceTree = "<group>"; };
		21A0629F2B3C61E800FF8CD6 /* CardDetailViewController.swift */ = {isa = PBXFileReference; fileEncoding = 4; lastKnownFileType = sourcecode.swift; path = CardDetailViewController.swift; sourceTree = "<group>"; };
		21A062A02B3C61E800FF8CD6 /* PreferenceViewController.swift */ = {isa = PBXFileReference; fileEncoding = 4; lastKnownFileType = sourcecode.swift; path = PreferenceViewController.swift; sourceTree = "<group>"; };
		21A062A12B3C61E800FF8CD6 /* HomeViewController.swift */ = {isa = PBXFileReference; fileEncoding = 4; lastKnownFileType = sourcecode.swift; path = HomeViewController.swift; sourceTree = "<group>"; };
		21A062A22B3C61E800FF8CD6 /* AccountEditViewController.swift */ = {isa = PBXFileReference; fileEncoding = 4; lastKnownFileType = sourcecode.swift; path = AccountEditViewController.swift; sourceTree = "<group>"; };
		21A062A32B3C61E800FF8CD6 /* AccountDetailViewController.swift */ = {isa = PBXFileReference; fileEncoding = 4; lastKnownFileType = sourcecode.swift; path = AccountDetailViewController.swift; sourceTree = "<group>"; };
		21A062A42B3C61E800FF8CD6 /* CardEditViewController.swift */ = {isa = PBXFileReference; fileEncoding = 4; lastKnownFileType = sourcecode.swift; path = CardEditViewController.swift; sourceTree = "<group>"; };
		608A5EBE0A6196657137821C /* Pods_key.framework */ = {isa = PBXFileReference; explicitFileType = wrapper.framework; includeInIndex = 0; path = Pods_key.framework; sourceTree = BUILT_PRODUCTS_DIR; };
		B47DC41D80691132C6EF6C2A /* Pods-key.debug.xcconfig */ = {isa = PBXFileReference; includeInIndex = 1; lastKnownFileType = text.xcconfig; name = "Pods-key.debug.xcconfig"; path = "Target Support Files/Pods-key/Pods-key.debug.xcconfig"; sourceTree = "<group>"; };
		FA97A418256AFBC66C8880B2 /* Pods-key.release.xcconfig */ = {isa = PBXFileReference; includeInIndex = 1; lastKnownFileType = text.xcconfig; name = "Pods-key.release.xcconfig"; path = "Target Support Files/Pods-key/Pods-key.release.xcconfig"; sourceTree = "<group>"; };
/* End PBXFileReference section */

/* Begin PBXFrameworksBuildPhase section */
		213C98582B3679680015FFD7 /* Frameworks */ = {
			isa = PBXFrameworksBuildPhase;
			buildActionMask = 2147483647;
			files = (
				9D6D28A60C83719F1AEB251F /* Pods_key.framework in Frameworks */,
			);
			runOnlyForDeploymentPostprocessing = 0;
		};
/* End PBXFrameworksBuildPhase section */

/* Begin PBXGroup section */
		031B497B9A9AAEA7AAE33DDA /* Frameworks */ = {
			isa = PBXGroup;
			children = (
				608A5EBE0A6196657137821C /* Pods_key.framework */,
			);
			name = Frameworks;
			sourceTree = "<group>";
		};
		213C98522B3679680015FFD7 = {
			isa = PBXGroup;
			children = (
				213C985D2B3679680015FFD7 /* key */,
				213C985C2B3679680015FFD7 /* Products */,
				F1317729455431F09C53BBAE /* Pods */,
				031B497B9A9AAEA7AAE33DDA /* Frameworks */,
			);
			sourceTree = "<group>";
		};
		213C985C2B3679680015FFD7 /* Products */ = {
			isa = PBXGroup;
			children = (
				213C985B2B3679680015FFD7 /* key.app */,
			);
			name = Products;
			sourceTree = "<group>";
		};
		213C985D2B3679680015FFD7 /* key */ = {
			isa = PBXGroup;
			children = (
				213C985E2B3679680015FFD7 /* AppDelegate.swift */,
				213C989A2B3BCC8B0015FFD7 /* Manager */,
				213C98AD2B3C5E4D0015FFD7 /* DataBase */,
				213C98902B3BCB180015FFD7 /* Controller */,
				213C98A62B3C5E1D0015FFD7 /* View */,
				213C989D2B3C5DEB0015FFD7 /* Cell */,
				213C98932B3BCC5C0015FFD7 /* Category */,
				213C98672B36796B0015FFD7 /* Assets.xcassets */,
				213C98692B36796B0015FFD7 /* LaunchScreen.storyboard */,
				213C986C2B36796B0015FFD7 /* Info.plist */,
			);
			path = key;
			sourceTree = "<group>";
		};
		213C98902B3BCB180015FFD7 /* Controller */ = {
			isa = PBXGroup;
			children = (
				213C98912B3BCB420015FFD7 /* PasswordViewController.swift */,
				21A062A02B3C61E800FF8CD6 /* PreferenceViewController.swift */,
				21A062A12B3C61E800FF8CD6 /* HomeViewController.swift */,
				21A0629E2B3C61E800FF8CD6 /* CardListViewController.swift */,
				21A0629F2B3C61E800FF8CD6 /* CardDetailViewController.swift */,
				21A062A42B3C61E800FF8CD6 /* CardEditViewController.swift */,
				21A0629D2B3C61E800FF8CD6 /* AccountListViewController.swift */,
				21A062A32B3C61E800FF8CD6 /* AccountDetailViewController.swift */,
				21A062A22B3C61E800FF8CD6 /* AccountEditViewController.swift */,
			);
			path = Controller;
			sourceTree = "<group>";
		};
		213C98932B3BCC5C0015FFD7 /* Category */ = {
			isa = PBXGroup;
			children = (
				213C98942B3BCC7A0015FFD7 /* String+Util.swift */,
				213C98962B3BCC7A0015FFD7 /* UIColor+Util.swift */,
				213C98952B3BCC7A0015FFD7 /* UIFont+Util.swift */,
			);
			path = Category;
			sourceTree = "<group>";
		};
		213C989A2B3BCC8B0015FFD7 /* Manager */ = {
			isa = PBXGroup;
			children = (
				213C989B2B3BCCA00015FFD7 /* SecrecyManager.swift */,
			);
			path = Manager;
			sourceTree = "<group>";
		};
		213C989D2B3C5DEB0015FFD7 /* Cell */ = {
			isa = PBXGroup;
			children = (
				213C98A02B3C5E0B0015FFD7 /* CustomKeyCell.swift */,
				213C98A12B3C5E0B0015FFD7 /* DetailLabelCell.swift */,
				213C989F2B3C5E0A0015FFD7 /* HomeListCell.swift */,
				213C989E2B3C5E0A0015FFD7 /* SimpleLabelCell.swift */,
			);
			path = Cell;
			sourceTree = "<group>";
		};
		213C98A62B3C5E1D0015FFD7 /* View */ = {
			isa = PBXGroup;
			children = (
				213C98A92B3C5E3C0015FFD7 /* CardView.swift */,
				213C98A72B3C5E3C0015FFD7 /* HomeTabBar.swift */,
				213C98A82B3C5E3C0015FFD7 /* Toast.swift */,
			);
			path = View;
			sourceTree = "<group>";
		};
		213C98AD2B3C5E4D0015FFD7 /* DataBase */ = {
			isa = PBXGroup;
			children = (
				213C98AF2B3C5E7D0015FFD7 /* Account.swift */,
				213C98B02B3C5E7D0015FFD7 /* AccountDataBase.swift */,
				213C98B12B3C5E7D0015FFD7 /* Card.swift */,
				213C98AE2B3C5E7D0015FFD7 /* CardDataBase.swift */,
			);
			path = DataBase;
			sourceTree = "<group>";
		};
		F1317729455431F09C53BBAE /* Pods */ = {
			isa = PBXGroup;
			children = (
				B47DC41D80691132C6EF6C2A /* Pods-key.debug.xcconfig */,
				FA97A418256AFBC66C8880B2 /* Pods-key.release.xcconfig */,
			);
			path = Pods;
			sourceTree = "<group>";
		};
/* End PBXGroup section */

/* Begin PBXNativeTarget section */
		213C985A2B3679680015FFD7 /* key */ = {
			isa = PBXNativeTarget;
			buildConfigurationList = 213C98852B36796B0015FFD7 /* Build configuration list for PBXNativeTarget "key" */;
			buildPhases = (
				6F3B1847E521D9DA275C105C /* [CP] Check Pods Manifest.lock */,
				213C98572B3679680015FFD7 /* Sources */,
				213C98582B3679680015FFD7 /* Frameworks */,
				213C98592B3679680015FFD7 /* Resources */,
				998F2EC04F50EFFEE1B9636C /* [CP] Embed Pods Frameworks */,
			);
			buildRules = (
			);
			dependencies = (
			);
			name = key;
			productName = key;
			productReference = 213C985B2B3679680015FFD7 /* key.app */;
			productType = "com.apple.product-type.application";
		};
/* End PBXNativeTarget section */

/* Begin PBXProject section */
		213C98532B3679680015FFD7 /* Project object */ = {
			isa = PBXProject;
			attributes = {
				BuildIndependentTargetsInParallel = 1;
				LastSwiftUpdateCheck = 1420;
				LastUpgradeCheck = 1420;
				TargetAttributes = {
					213C985A2B3679680015FFD7 = {
						CreatedOnToolsVersion = 14.2;
					};
				};
			};
			buildConfigurationList = 213C98562B3679680015FFD7 /* Build configuration list for PBXProject "key" */;
			compatibilityVersion = "Xcode 14.0";
			developmentRegion = en;
			hasScannedForEncodings = 0;
			knownRegions = (
				en,
				Base,
			);
			mainGroup = 213C98522B3679680015FFD7;
			productRefGroup = 213C985C2B3679680015FFD7 /* Products */;
			projectDirPath = "";
			projectRoot = "";
			targets = (
				213C985A2B3679680015FFD7 /* key */,
			);
		};
/* End PBXProject section */

/* Begin PBXResourcesBuildPhase section */
		213C98592B3679680015FFD7 /* Resources */ = {
			isa = PBXResourcesBuildPhase;
			buildActionMask = 2147483647;
			files = (
				213C986B2B36796B0015FFD7 /* LaunchScreen.storyboard in Resources */,
				213C98682B36796B0015FFD7 /* Assets.xcassets in Resources */,
			);
			runOnlyForDeploymentPostprocessing = 0;
		};
/* End PBXResourcesBuildPhase section */

/* Begin PBXShellScriptBuildPhase section */
		6F3B1847E521D9DA275C105C /* [CP] Check Pods Manifest.lock */ = {
			isa = PBXShellScriptBuildPhase;
			buildActionMask = 2147483647;
			files = (
			);
			inputFileListPaths = (
			);
			inputPaths = (
				"${PODS_PODFILE_DIR_PATH}/Podfile.lock",
				"${PODS_ROOT}/Manifest.lock",
			);
			name = "[CP] Check Pods Manifest.lock";
			outputFileListPaths = (
			);
			outputPaths = (
				"$(DERIVED_FILE_DIR)/Pods-key-checkManifestLockResult.txt",
			);
			runOnlyForDeploymentPostprocessing = 0;
			shellPath = /bin/sh;
			shellScript = "diff \"${PODS_PODFILE_DIR_PATH}/Podfile.lock\" \"${PODS_ROOT}/Manifest.lock\" > /dev/null\nif [ $? != 0 ] ; then\n    # print error to STDERR\n    echo \"error: The sandbox is not in sync with the Podfile.lock. Run 'pod install' or update your CocoaPods installation.\" >&2\n    exit 1\nfi\n# This output is used by Xcode 'outputs' to avoid re-running this script phase.\necho \"SUCCESS\" > \"${SCRIPT_OUTPUT_FILE_0}\"\n";
			showEnvVarsInLog = 0;
		};
		998F2EC04F50EFFEE1B9636C /* [CP] Embed Pods Frameworks */ = {
			isa = PBXShellScriptBuildPhase;
			buildActionMask = 2147483647;
			files = (
			);
			inputFileListPaths = (
				"${PODS_ROOT}/Target Support Files/Pods-key/Pods-key-frameworks-${CONFIGURATION}-input-files.xcfilelist",
			);
			name = "[CP] Embed Pods Frameworks";
			outputFileListPaths = (
				"${PODS_ROOT}/Target Support Files/Pods-key/Pods-key-frameworks-${CONFIGURATION}-output-files.xcfilelist",
			);
			runOnlyForDeploymentPostprocessing = 0;
			shellPath = /bin/sh;
			shellScript = "\"${PODS_ROOT}/Target Support Files/Pods-key/Pods-key-frameworks.sh\"\n";
			showEnvVarsInLog = 0;
		};
/* End PBXShellScriptBuildPhase section */

/* Begin PBXSourcesBuildPhase section */
		213C98572B3679680015FFD7 /* Sources */ = {
			isa = PBXSourcesBuildPhase;
			buildActionMask = 2147483647;
			files = (
				213C989C2B3BCCA00015FFD7 /* SecrecyManager.swift in Sources */,
				213C98AB2B3C5E3C0015FFD7 /* Toast.swift in Sources */,
				213C98B42B3C5E7D0015FFD7 /* AccountDataBase.swift in Sources */,
				213C98972B3BCC7A0015FFD7 /* String+Util.swift in Sources */,
				213C98A32B3C5E0B0015FFD7 /* HomeListCell.swift in Sources */,
				21A062A72B3C61E800FF8CD6 /* CardDetailViewController.swift in Sources */,
				213C98A42B3C5E0B0015FFD7 /* CustomKeyCell.swift in Sources */,
				21A062A92B3C61E800FF8CD6 /* HomeViewController.swift in Sources */,
				21A062A62B3C61E800FF8CD6 /* CardListViewController.swift in Sources */,
				21A062AB2B3C61E800FF8CD6 /* AccountDetailViewController.swift in Sources */,
				213C98B52B3C5E7D0015FFD7 /* Card.swift in Sources */,
				213C98B32B3C5E7D0015FFD7 /* Account.swift in Sources */,
				213C98992B3BCC7A0015FFD7 /* UIColor+Util.swift in Sources */,
				213C98AA2B3C5E3C0015FFD7 /* HomeTabBar.swift in Sources */,
				21A062A82B3C61E800FF8CD6 /* PreferenceViewController.swift in Sources */,
				213C98AC2B3C5E3C0015FFD7 /* CardView.swift in Sources */,
				213C98A22B3C5E0B0015FFD7 /* SimpleLabelCell.swift in Sources */,
				213C98922B3BCB420015FFD7 /* PasswordViewController.swift in Sources */,
				213C98B22B3C5E7D0015FFD7 /* CardDataBase.swift in Sources */,
				21A062AC2B3C61E800FF8CD6 /* CardEditViewController.swift in Sources */,
				21A062AA2B3C61E800FF8CD6 /* AccountEditViewController.swift in Sources */,
				21A062A52B3C61E800FF8CD6 /* AccountListViewController.swift in Sources */,
				213C98982B3BCC7A0015FFD7 /* UIFont+Util.swift in Sources */,
				213C985F2B3679680015FFD7 /* AppDelegate.swift in Sources */,
				213C98A52B3C5E0B0015FFD7 /* DetailLabelCell.swift in Sources */,
			);
			runOnlyForDeploymentPostprocessing = 0;
		};
/* End PBXSourcesBuildPhase section */

/* Begin PBXVariantGroup section */
		213C98692B36796B0015FFD7 /* LaunchScreen.storyboard */ = {
			isa = PBXVariantGroup;
			children = (
				213C986A2B36796B0015FFD7 /* Base */,
			);
			name = LaunchScreen.storyboard;
			sourceTree = "<group>";
		};
/* End PBXVariantGroup section */

/* Begin XCBuildConfiguration section */
		213C98832B36796B0015FFD7 /* Debug */ = {
			isa = XCBuildConfiguration;
			buildSettings = {
				ALWAYS_SEARCH_USER_PATHS = NO;
				CLANG_ANALYZER_NONNULL = YES;
				CLANG_ANALYZER_NUMBER_OBJECT_CONVERSION = YES_AGGRESSIVE;
				CLANG_CXX_LANGUAGE_STANDARD = "gnu++20";
				CLANG_ENABLE_MODULES = YES;
				CLANG_ENABLE_OBJC_ARC = YES;
				CLANG_ENABLE_OBJC_WEAK = YES;
				CLANG_WARN_BLOCK_CAPTURE_AUTORELEASING = YES;
				CLANG_WARN_BOOL_CONVERSION = YES;
				CLANG_WARN_COMMA = YES;
				CLANG_WARN_CONSTANT_CONVERSION = YES;
				CLANG_WARN_DEPRECATED_OBJC_IMPLEMENTATIONS = YES;
				CLANG_WARN_DIRECT_OBJC_ISA_USAGE = YES_ERROR;
				CLANG_WARN_DOCUMENTATION_COMMENTS = YES;
				CLANG_WARN_EMPTY_BODY = YES;
				CLANG_WARN_ENUM_CONVERSION = YES;
				CLANG_WARN_INFINITE_RECURSION = YES;
				CLANG_WARN_INT_CONVERSION = YES;
				CLANG_WARN_NON_LITERAL_NULL_CONVERSION = YES;
				CLANG_WARN_OBJC_IMPLICIT_RETAIN_SELF = YES;
				CLANG_WARN_OBJC_LITERAL_CONVERSION = YES;
				CLANG_WARN_OBJC_ROOT_CLASS = YES_ERROR;
				CLANG_WARN_QUOTED_INCLUDE_IN_FRAMEWORK_HEADER = YES;
				CLANG_WARN_RANGE_LOOP_ANALYSIS = YES;
				CLANG_WARN_STRICT_PROTOTYPES = YES;
				CLANG_WARN_SUSPICIOUS_MOVE = YES;
				CLANG_WARN_UNGUARDED_AVAILABILITY = YES_AGGRESSIVE;
				CLANG_WARN_UNREACHABLE_CODE = YES;
				CLANG_WARN__DUPLICATE_METHOD_MATCH = YES;
				COPY_PHASE_STRIP = NO;
				DEBUG_INFORMATION_FORMAT = dwarf;
				ENABLE_STRICT_OBJC_MSGSEND = YES;
				ENABLE_TESTABILITY = YES;
				GCC_C_LANGUAGE_STANDARD = gnu11;
				GCC_DYNAMIC_NO_PIC = NO;
				GCC_NO_COMMON_BLOCKS = YES;
				GCC_OPTIMIZATION_LEVEL = 0;
				GCC_PREPROCESSOR_DEFINITIONS = (
					"DEBUG=1",
					"$(inherited)",
				);
				GCC_WARN_64_TO_32_BIT_CONVERSION = YES;
				GCC_WARN_ABOUT_RETURN_TYPE = YES_ERROR;
				GCC_WARN_UNDECLARED_SELECTOR = YES;
				GCC_WARN_UNINITIALIZED_AUTOS = YES_AGGRESSIVE;
				GCC_WARN_UNUSED_FUNCTION = YES;
				GCC_WARN_UNUSED_VARIABLE = YES;
				IPHONEOS_DEPLOYMENT_TARGET = 13.0;
				MTL_ENABLE_DEBUG_INFO = INCLUDE_SOURCE;
				MTL_FAST_MATH = YES;
				ONLY_ACTIVE_ARCH = YES;
				SDKROOT = iphoneos;
				SWIFT_ACTIVE_COMPILATION_CONDITIONS = DEBUG;
				SWIFT_OPTIMIZATION_LEVEL = "-Onone";
			};
			name = Debug;
		};
		213C98842B36796B0015FFD7 /* Release */ = {
			isa = XCBuildConfiguration;
			buildSettings = {
				ALWAYS_SEARCH_USER_PATHS = NO;
				CLANG_ANALYZER_NONNULL = YES;
				CLANG_ANALYZER_NUMBER_OBJECT_CONVERSION = YES_AGGRESSIVE;
				CLANG_CXX_LANGUAGE_STANDARD = "gnu++20";
				CLANG_ENABLE_MODULES = YES;
				CLANG_ENABLE_OBJC_ARC = YES;
				CLANG_ENABLE_OBJC_WEAK = YES;
				CLANG_WARN_BLOCK_CAPTURE_AUTORELEASING = YES;
				CLANG_WARN_BOOL_CONVERSION = YES;
				CLANG_WARN_COMMA = YES;
				CLANG_WARN_CONSTANT_CONVERSION = YES;
				CLANG_WARN_DEPRECATED_OBJC_IMPLEMENTATIONS = YES;
				CLANG_WARN_DIRECT_OBJC_ISA_USAGE = YES_ERROR;
				CLANG_WARN_DOCUMENTATION_COMMENTS = YES;
				CLANG_WARN_EMPTY_BODY = YES;
				CLANG_WARN_ENUM_CONVERSION = YES;
				CLANG_WARN_INFINITE_RECURSION = YES;
				CLANG_WARN_INT_CONVERSION = YES;
				CLANG_WARN_NON_LITERAL_NULL_CONVERSION = YES;
				CLANG_WARN_OBJC_IMPLICIT_RETAIN_SELF = YES;
				CLANG_WARN_OBJC_LITERAL_CONVERSION = YES;
				CLANG_WARN_OBJC_ROOT_CLASS = YES_ERROR;
				CLANG_WARN_QUOTED_INCLUDE_IN_FRAMEWORK_HEADER = YES;
				CLANG_WARN_RANGE_LOOP_ANALYSIS = YES;
				CLANG_WARN_STRICT_PROTOTYPES = YES;
				CLANG_WARN_SUSPICIOUS_MOVE = YES;
				CLANG_WARN_UNGUARDED_AVAILABILITY = YES_AGGRESSIVE;
				CLANG_WARN_UNREACHABLE_CODE = YES;
				CLANG_WARN__DUPLICATE_METHOD_MATCH = YES;
				COPY_PHASE_STRIP = NO;
				DEBUG_INFORMATION_FORMAT = "dwarf-with-dsym";
				ENABLE_NS_ASSERTIONS = NO;
				ENABLE_STRICT_OBJC_MSGSEND = YES;
				GCC_C_LANGUAGE_STANDARD = gnu11;
				GCC_NO_COMMON_BLOCKS = YES;
				GCC_WARN_64_TO_32_BIT_CONVERSION = YES;
				GCC_WARN_ABOUT_RETURN_TYPE = YES_ERROR;
				GCC_WARN_UNDECLARED_SELECTOR = YES;
				GCC_WARN_UNINITIALIZED_AUTOS = YES_AGGRESSIVE;
				GCC_WARN_UNUSED_FUNCTION = YES;
				GCC_WARN_UNUSED_VARIABLE = YES;
				IPHONEOS_DEPLOYMENT_TARGET = 13.0;
				MTL_ENABLE_DEBUG_INFO = NO;
				MTL_FAST_MATH = YES;
				SDKROOT = iphoneos;
				SWIFT_COMPILATION_MODE = wholemodule;
				SWIFT_OPTIMIZATION_LEVEL = "-O";
				VALIDATE_PRODUCT = YES;
			};
			name = Release;
		};
		213C98862B36796B0015FFD7 /* Debug */ = {
			isa = XCBuildConfiguration;
			baseConfigurationReference = B47DC41D80691132C6EF6C2A /* Pods-key.debug.xcconfig */;
			buildSettings = {
				ASSETCATALOG_COMPILER_APPICON_NAME = AppIcon;
				ASSETCATALOG_COMPILER_GLOBAL_ACCENT_COLOR_NAME = AccentColor;
				"CODE_SIGN_IDENTITY[sdk=iphoneos*]" = "iPhone Developer";
				CODE_SIGN_STYLE = Manual;
				CURRENT_PROJECT_VERSION = 12;
				DEVELOPMENT_TEAM = "";
				"DEVELOPMENT_TEAM[sdk=iphoneos*]" = ETRBR9HA5V;
				GENERATE_INFOPLIST_FILE = YES;
				INFOPLIST_FILE = key/Info.plist;
				INFOPLIST_KEY_CFBundleDisplayName = "MY KEY";
				INFOPLIST_KEY_UIApplicationSupportsIndirectInputEvents = YES;
				INFOPLIST_KEY_UILaunchStoryboardName = LaunchScreen;
				INFOPLIST_KEY_UISupportedInterfaceOrientations = UIInterfaceOrientationPortrait;
				IPHONEOS_DEPLOYMENT_TARGET = 13.0;
				LD_RUNPATH_SEARCH_PATHS = (
					"$(inherited)",
					"@executable_path/Frameworks",
				);
				MARKETING_VERSION = 3.0.0;
				PRODUCT_BUNDLE_IDENTIFIER = com.MissYasiky.key;
				PRODUCT_NAME = "$(TARGET_NAME)";
				PROVISIONING_PROFILE_SPECIFIER = "";
				"PROVISIONING_PROFILE_SPECIFIER[sdk=iphoneos*]" = XC_Wild_Dev;
				SWIFT_EMIT_LOC_STRINGS = YES;
				SWIFT_VERSION = 5.0;
				TARGETED_DEVICE_FAMILY = "1,2";
			};
			name = Debug;
		};
		213C98872B36796B0015FFD7 /* Release */ = {
			isa = XCBuildConfiguration;
			baseConfigurationReference = FA97A418256AFBC66C8880B2 /* Pods-key.release.xcconfig */;
			buildSettings = {
				ASSETCATALOG_COMPILER_APPICON_NAME = AppIcon;
				ASSETCATALOG_COMPILER_GLOBAL_ACCENT_COLOR_NAME = AccentColor;
				"CODE_SIGN_IDENTITY[sdk=iphoneos*]" = "iPhone Distribution";
				CODE_SIGN_STYLE = Manual;
				CURRENT_PROJECT_VERSION = 12;
				DEVELOPMENT_TEAM = "";
				"DEVELOPMENT_TEAM[sdk=iphoneos*]" = ETRBR9HA5V;
				GENERATE_INFOPLIST_FILE = YES;
				INFOPLIST_FILE = key/Info.plist;
				INFOPLIST_KEY_CFBundleDisplayName = "MY KEY";
				INFOPLIST_KEY_UIApplicationSupportsIndirectInputEvents = YES;
				INFOPLIST_KEY_UILaunchStoryboardName = LaunchScreen;
				INFOPLIST_KEY_UISupportedInterfaceOrientations = UIInterfaceOrientationPortrait;
				IPHONEOS_DEPLOYMENT_TARGET = 13.0;
				LD_RUNPATH_SEARCH_PATHS = (
					"$(inherited)",
					"@executable_path/Frameworks",
				);
				MARKETING_VERSION = 3.0.0;
				PRODUCT_BUNDLE_IDENTIFIER = com.MissYasiky.key;
				PRODUCT_NAME = "$(TARGET_NAME)";
				PROVISIONING_PROFILE_SPECIFIER = "";
				"PROVISIONING_PROFILE_SPECIFIER[sdk=iphoneos*]" = "XC_Wildcard_Ad-Hoc";
				SWIFT_EMIT_LOC_STRINGS = YES;
				SWIFT_VERSION = 5.0;
				TARGETED_DEVICE_FAMILY = "1,2";
			};
			name = Release;
		};
/* End XCBuildConfiguration section */

/* Begin XCConfigurationList section */
		213C98562B3679680015FFD7 /* Build configuration list for PBXProject "key" */ = {
			isa = XCConfigurationList;
			buildConfigurations = (
				213C98832B36796B0015FFD7 /* Debug */,
				213C98842B36796B0015FFD7 /* Release */,
			);
			defaultConfigurationIsVisible = 0;
			defaultConfigurationName = Release;
		};
		213C98852B36796B0015FFD7 /* Build configuration list for PBXNativeTarget "key" */ = {
			isa = XCConfigurationList;
			buildConfigurations = (
				213C98862B36796B0015FFD7 /* Debug */,
				213C98872B36796B0015FFD7 /* Release */,
			);
			defaultConfigurationIsVisible = 0;
			defaultConfigurationName = Release;
		};
/* End XCConfigurationList section */
	};
	rootObject = 213C98532B3679680015FFD7 /* Project object */;
}
