// !$*UTF8*$!
{
	archiveVersion = 1;
	classes = {
	};
	objectVersion = 50;
	objects = {

/* Begin PBXBuildFile section */
		21E4258A218C8DF20072D134 /* XYJAppDelegate.m in Sources */ = {isa = PBXBuildFile; fileRef = 21E42589218C8DF20072D134 /* XYJAppDelegate.m */; };
		21E4258D218C8DF20072D134 /* XYJViewController.m in Sources */ = {isa = PBXBuildFile; fileRef = 21E4258C218C8DF20072D134 /* XYJViewController.m */; };
		21E42592218C8DF50072D134 /* Assets.xcassets in Resources */ = {isa = PBXBuildFile; fileRef = 21E42591218C8DF50072D134 /* Assets.xcassets */; };
		21E42598218C8DF50072D134 /* main.m in Sources */ = {isa = PBXBuildFile; fileRef = 21E42597218C8DF50072D134 /* main.m */; };
		21E425A0219C15080072D134 /* XYJAddBankCardViewController.m in Sources */ = {isa = PBXBuildFile; fileRef = 21E4259F219C15080072D134 /* XYJAddBankCardViewController.m */; };
/* End PBXBuildFile section */

/* Begin PBXFileReference section */
		21E42585218C8DF20072D134 /* key.app */ = {isa = PBXFileReference; explicitFileType = wrapper.application; includeInIndex = 0; path = key.app; sourceTree = BUILT_PRODUCTS_DIR; };
		21E42588218C8DF20072D134 /* XYJAppDelegate.h */ = {isa = PBXFileReference; lastKnownFileType = sourcecode.c.h; path = XYJAppDelegate.h; sourceTree = "<group>"; };
		21E42589218C8DF20072D134 /* XYJAppDelegate.m */ = {isa = PBXFileReference; lastKnownFileType = sourcecode.c.objc; path = XYJAppDelegate.m; sourceTree = "<group>"; };
		21E4258B218C8DF20072D134 /* XYJViewController.h */ = {isa = PBXFileReference; lastKnownFileType = sourcecode.c.h; path = XYJViewController.h; sourceTree = "<group>"; };
		21E4258C218C8DF20072D134 /* XYJViewController.m */ = {isa = PBXFileReference; lastKnownFileType = sourcecode.c.objc; path = XYJViewController.m; sourceTree = "<group>"; };
		21E42591218C8DF50072D134 /* Assets.xcassets */ = {isa = PBXFileReference; lastKnownFileType = folder.assetcatalog; path = Assets.xcassets; sourceTree = "<group>"; };
		21E42596218C8DF50072D134 /* Info.plist */ = {isa = PBXFileReference; lastKnownFileType = text.plist.xml; path = Info.plist; sourceTree = "<group>"; };
		21E42597218C8DF50072D134 /* main.m */ = {isa = PBXFileReference; lastKnownFileType = sourcecode.c.objc; path = main.m; sourceTree = "<group>"; };
		21E4259E219C15080072D134 /* XYJAddBankCardViewController.h */ = {isa = PBXFileReference; lastKnownFileType = sourcecode.c.h; path = XYJAddBankCardViewController.h; sourceTree = "<group>"; };
		21E4259F219C15080072D134 /* XYJAddBankCardViewController.m */ = {isa = PBXFileReference; lastKnownFileType = sourcecode.c.objc; path = XYJAddBankCardViewController.m; sourceTree = "<group>"; };
/* End PBXFileReference section */

/* Begin PBXFrameworksBuildPhase section */
		21E42582218C8DF20072D134 /* Frameworks */ = {
			isa = PBXFrameworksBuildPhase;
			buildActionMask = 2147483647;
			files = (
			);
			runOnlyForDeploymentPostprocessing = 0;
		};
/* End PBXFrameworksBuildPhase section */

/* Begin PBXGroup section */
		21E4257C218C8DF20072D134 = {
			isa = PBXGroup;
			children = (
				21E42587218C8DF20072D134 /* key */,
				21E42586218C8DF20072D134 /* Products */,
			);
			sourceTree = "<group>";
		};
		21E42586218C8DF20072D134 /* Products */ = {
			isa = PBXGroup;
			children = (
				21E42585218C8DF20072D134 /* key.app */,
			);
			name = Products;
			sourceTree = "<group>";
		};
		21E42587218C8DF20072D134 /* key */ = {
			isa = PBXGroup;
			children = (
				21E42588218C8DF20072D134 /* XYJAppDelegate.h */,
				21E42589218C8DF20072D134 /* XYJAppDelegate.m */,
				21E4258B218C8DF20072D134 /* XYJViewController.h */,
				21E4258C218C8DF20072D134 /* XYJViewController.m */,
				21E42591218C8DF50072D134 /* Assets.xcassets */,
				21E42596218C8DF50072D134 /* Info.plist */,
				21E42597218C8DF50072D134 /* main.m */,
				21E4259E219C15080072D134 /* XYJAddBankCardViewController.h */,
				21E4259F219C15080072D134 /* XYJAddBankCardViewController.m */,
			);
			path = key;
			sourceTree = "<group>";
		};
/* End PBXGroup section */

/* Begin PBXNativeTarget section */
		21E42584218C8DF20072D134 /* key */ = {
			isa = PBXNativeTarget;
			buildConfigurationList = 21E4259B218C8DF50072D134 /* Build configuration list for PBXNativeTarget "key" */;
			buildPhases = (
				21E42581218C8DF20072D134 /* Sources */,
				21E42582218C8DF20072D134 /* Frameworks */,
				21E42583218C8DF20072D134 /* Resources */,
			);
			buildRules = (
			);
			dependencies = (
			);
			name = key;
			productName = key;
			productReference = 21E42585218C8DF20072D134 /* key.app */;
			productType = "com.apple.product-type.application";
		};
/* End PBXNativeTarget section */

/* Begin PBXProject section */
		21E4257D218C8DF20072D134 /* Project object */ = {
			isa = PBXProject;
			attributes = {
				LastUpgradeCheck = 1000;
				ORGANIZATIONNAME = netease;
				TargetAttributes = {
					21E42584218C8DF20072D134 = {
						CreatedOnToolsVersion = 10.0;
					};
				};
			};
			buildConfigurationList = 21E42580218C8DF20072D134 /* Build configuration list for PBXProject "key" */;
			compatibilityVersion = "Xcode 9.3";
			developmentRegion = en;
			hasScannedForEncodings = 0;
			knownRegions = (
				en,
				Base,
			);
			mainGroup = 21E4257C218C8DF20072D134;
			productRefGroup = 21E42586218C8DF20072D134 /* Products */;
			projectDirPath = "";
			projectRoot = "";
			targets = (
				21E42584218C8DF20072D134 /* key */,
			);
		};
/* End PBXProject section */

/* Begin PBXResourcesBuildPhase section */
		21E42583218C8DF20072D134 /* Resources */ = {
			isa = PBXResourcesBuildPhase;
			buildActionMask = 2147483647;
			files = (
				21E42592218C8DF50072D134 /* Assets.xcassets in Resources */,
			);
			runOnlyForDeploymentPostprocessing = 0;
		};
/* End PBXResourcesBuildPhase section */

/* Begin PBXSourcesBuildPhase section */
		21E42581218C8DF20072D134 /* Sources */ = {
			isa = PBXSourcesBuildPhase;
			buildActionMask = 2147483647;
			files = (
				21E4258D218C8DF20072D134 /* XYJViewController.m in Sources */,
				21E42598218C8DF50072D134 /* main.m in Sources */,
				21E425A0219C15080072D134 /* XYJAddBankCardViewController.m in Sources */,
				21E4258A218C8DF20072D134 /* XYJAppDelegate.m in Sources */,
			);
			runOnlyForDeploymentPostprocessing = 0;
		};
/* End PBXSourcesBuildPhase section */

/* Begin XCBuildConfiguration section */
		21E42599218C8DF50072D134 /* Debug */ = {
			isa = XCBuildConfiguration;
			buildSettings = {
				ALWAYS_SEARCH_USER_PATHS = NO;
				CLANG_ANALYZER_NONNULL = YES;
				CLANG_ANALYZER_NUMBER_OBJECT_CONVERSION = YES_AGGRESSIVE;
				CLANG_CXX_LANGUAGE_STANDARD = "gnu++14";
				CLANG_CXX_LIBRARY = "libc++";
				CLANG_ENABLE_MODULES = YES;
				CLANG_ENABLE_OBJC_ARC = YES;
				CLANG_ENABLE_OBJC_WEAK = YES;
				CLANG_WARN_BLOCK_CAPTURE_AUTORELEASING = YES;
				CLANG_WARN_BOOL_CONVERSION = YES;
				CLANG_WARN_COMMA = YES;
				CLANG_WARN_CONSTANT_CONVERSION = YES;
				CLANG_WARN_DEPRECATED_OBJC_IMPLEMENTATIONS = YES;
				CLANG_WARN_DIRECT_OBJC_ISA_USAGE = YES_ERROR;
				CLANG_WARN_DOCUMENTATION_COMMENTS = YES;
				CLANG_WARN_EMPTY_BODY = YES;
				CLANG_WARN_ENUM_CONVERSION = YES;
				CLANG_WARN_INFINITE_RECURSION = YES;
				CLANG_WARN_INT_CONVERSION = YES;
				CLANG_WARN_NON_LITERAL_NULL_CONVERSION = YES;
				CLANG_WARN_OBJC_IMPLICIT_RETAIN_SELF = YES;
				CLANG_WARN_OBJC_LITERAL_CONVERSION = YES;
				CLANG_WARN_OBJC_ROOT_CLASS = YES_ERROR;
				CLANG_WARN_RANGE_LOOP_ANALYSIS = YES;
				CLANG_WARN_STRICT_PROTOTYPES = YES;
				CLANG_WARN_SUSPICIOUS_MOVE = YES;
				CLANG_WARN_UNGUARDED_AVAILABILITY = YES_AGGRESSIVE;
				CLANG_WARN_UNREACHABLE_CODE = YES;
				CLANG_WARN__DUPLICATE_METHOD_MATCH = YES;
				CODE_SIGN_IDENTITY = "iPhone Developer";
				COPY_PHASE_STRIP = NO;
				DEBUG_INFORMATION_FORMAT = dwarf;
				ENABLE_STRICT_OBJC_MSGSEND = YES;
				ENABLE_TESTABILITY = YES;
				GCC_C_LANGUAGE_STANDARD = gnu11;
				GCC_DYNAMIC_NO_PIC = NO;
				GCC_NO_COMMON_BLOCKS = YES;
				GCC_OPTIMIZATION_LEVEL = 0;
				GCC_PREPROCESSOR_DEFINITIONS = (
					"DEBUG=1",
					"$(inherited)",
				);
				GCC_WARN_64_TO_32_BIT_CONVERSION = YES;
				GCC_WARN_ABOUT_RETURN_TYPE = YES_ERROR;
				GCC_WARN_UNDECLARED_SELECTOR = YES;
				GCC_WARN_UNINITIALIZED_AUTOS = YES_AGGRESSIVE;
				GCC_WARN_UNUSED_FUNCTION = YES;
				GCC_WARN_UNUSED_VARIABLE = YES;
				IPHONEOS_DEPLOYMENT_TARGET = 12.0;
				MTL_ENABLE_DEBUG_INFO = INCLUDE_SOURCE;
				MTL_FAST_MATH = YES;
				ONLY_ACTIVE_ARCH = YES;
				SDKROOT = iphoneos;
			};
			name = Debug;
		};
		21E4259A218C8DF50072D134 /* Release */ = {
			isa = XCBuildConfiguration;
			buildSettings = {
				ALWAYS_SEARCH_USER_PATHS = NO;
				CLANG_ANALYZER_NONNULL = YES;
				CLANG_ANALYZER_NUMBER_OBJECT_CONVERSION = YES_AGGRESSIVE;
				CLANG_CXX_LANGUAGE_STANDARD = "gnu++14";
				CLANG_CXX_LIBRARY = "libc++";
				CLANG_ENABLE_MODULES = YES;
				CLANG_ENABLE_OBJC_ARC = YES;
				CLANG_ENABLE_OBJC_WEAK = YES;
				CLANG_WARN_BLOCK_CAPTURE_AUTORELEASING = YES;
				CLANG_WARN_BOOL_CONVERSION = YES;
				CLANG_WARN_COMMA = YES;
				CLANG_WARN_CONSTANT_CONVERSION = YES;
				CLANG_WARN_DEPRECATED_OBJC_IMPLEMENTATIONS = YES;
				CLANG_WARN_DIRECT_OBJC_ISA_USAGE = YES_ERROR;
				CLANG_WARN_DOCUMENTATION_COMMENTS = YES;
				CLANG_WARN_EMPTY_BODY = YES;
				CLANG_WARN_ENUM_CONVERSION = YES;
				CLANG_WARN_INFINITE_RECURSION = YES;
				CLANG_WARN_INT_CONVERSION = YES;
				CLANG_WARN_NON_LITERAL_NULL_CONVERSION = YES;
				CLANG_WARN_OBJC_IMPLICIT_RETAIN_SELF = YES;
				CLANG_WARN_OBJC_LITERAL_CONVERSION = YES;
				CLANG_WARN_OBJC_ROOT_CLASS = YES_ERROR;
				CLANG_WARN_RANGE_LOOP_ANALYSIS = YES;
				CLANG_WARN_STRICT_PROTOTYPES = YES;
				CLANG_WARN_SUSPICIOUS_MOVE = YES;
				CLANG_WARN_UNGUARDED_AVAILABILITY = YES_AGGRESSIVE;
				CLANG_WARN_UNREACHABLE_CODE = YES;
				CLANG_WARN__DUPLICATE_METHOD_MATCH = YES;
				CODE_SIGN_IDENTITY = "iPhone Developer";
				COPY_PHASE_STRIP = NO;
				DEBUG_INFORMATION_FORMAT = "dwarf-with-dsym";
				ENABLE_NS_ASSERTIONS = NO;
				ENABLE_STRICT_OBJC_MSGSEND = YES;
				GCC_C_LANGUAGE_STANDARD = gnu11;
				GCC_NO_COMMON_BLOCKS = YES;
				GCC_WARN_64_TO_32_BIT_CONVERSION = YES;
				GCC_WARN_ABOUT_RETURN_TYPE = YES_ERROR;
				GCC_WARN_UNDECLARED_SELECTOR = YES;
				GCC_WARN_UNINITIALIZED_AUTOS = YES_AGGRESSIVE;
				GCC_WARN_UNUSED_FUNCTION = YES;
				GCC_WARN_UNUSED_VARIABLE = YES;
				IPHONEOS_DEPLOYMENT_TARGET = 12.0;
				MTL_ENABLE_DEBUG_INFO = NO;
				MTL_FAST_MATH = YES;
				SDKROOT = iphoneos;
				VALIDATE_PRODUCT = YES;
			};
			name = Release;
		};
		21E4259C218C8DF50072D134 /* Debug */ = {
			isa = XCBuildConfiguration;
			buildSettings = {
				ASSETCATALOG_COMPILER_APPICON_NAME = AppIcon;
				ASSETCATALOG_COMPILER_LAUNCHIMAGE_NAME = LaunchImage;
				CODE_SIGN_STYLE = Manual;
				DEVELOPMENT_TEAM = "";
				INFOPLIST_FILE = key/Info.plist;
				LD_RUNPATH_SEARCH_PATHS = (
					"$(inherited)",
					"@executable_path/Frameworks",
				);
				PRODUCT_BUNDLE_IDENTIFIER = com.netease.key;
				PRODUCT_NAME = "$(TARGET_NAME)";
				PROVISIONING_PROFILE_SPECIFIER = "";
				TARGETED_DEVICE_FAMILY = "1,2";
			};
			name = Debug;
		};
		21E4259D218C8DF50072D134 /* Release */ = {
			isa = XCBuildConfiguration;
			buildSettings = {
				ASSETCATALOG_COMPILER_APPICON_NAME = AppIcon;
				ASSETCATALOG_COMPILER_LAUNCHIMAGE_NAME = LaunchImage;
				CODE_SIGN_STYLE = Manual;
				DEVELOPMENT_TEAM = "";
				INFOPLIST_FILE = key/Info.plist;
				LD_RUNPATH_SEARCH_PATHS = (
					"$(inherited)",
					"@executable_path/Frameworks",
				);
				PRODUCT_BUNDLE_IDENTIFIER = com.netease.key;
				PRODUCT_NAME = "$(TARGET_NAME)";
				PROVISIONING_PROFILE_SPECIFIER = "";
				TARGETED_DEVICE_FAMILY = "1,2";
			};
			name = Release;
		};
/* End XCBuildConfiguration section */

/* Begin XCConfigurationList section */
		21E42580218C8DF20072D134 /* Build configuration list for PBXProject "key" */ = {
			isa = XCConfigurationList;
			buildConfigurations = (
				21E42599218C8DF50072D134 /* Debug */,
				21E4259A218C8DF50072D134 /* Release */,
			);
			defaultConfigurationIsVisible = 0;
			defaultConfigurationName = Release;
		};
		21E4259B218C8DF50072D134 /* Build configuration list for PBXNativeTarget "key" */ = {
			isa = XCConfigurationList;
			buildConfigurations = (
				21E4259C218C8DF50072D134 /* Debug */,
				21E4259D218C8DF50072D134 /* Release */,
			);
			defaultConfigurationIsVisible = 0;
			defaultConfigurationName = Release;
		};
/* End XCConfigurationList section */
	};
	rootObject = 21E4257D218C8DF20072D134 /* Project object */;
}
